// !$*UTF8*$!
{
	archiveVersion = 1;
	classes = {
	};
	objectVersion = 46;
	objects = {

/* Begin PBXBuildFile section */
		C89594EA18EF333E000F7191 /* GitHubFlow.storyboard in Resources */ = {isa = PBXBuildFile; fileRef = C89594E918EF333E000F7191 /* GitHubFlow.storyboard */; };
		C896069018EC4AE7000406CC /* Foundation.framework in Frameworks */ = {isa = PBXBuildFile; fileRef = C896068F18EC4AE7000406CC /* Foundation.framework */; };
		C896069218EC4AE7000406CC /* CoreGraphics.framework in Frameworks */ = {isa = PBXBuildFile; fileRef = C896069118EC4AE7000406CC /* CoreGraphics.framework */; };
		C896069418EC4AE7000406CC /* UIKit.framework in Frameworks */ = {isa = PBXBuildFile; fileRef = C896069318EC4AE7000406CC /* UIKit.framework */; };
		C896069A18EC4AE7000406CC /* InfoPlist.strings in Resources */ = {isa = PBXBuildFile; fileRef = C896069818EC4AE7000406CC /* InfoPlist.strings */; };
		C896069C18EC4AE7000406CC /* main.m in Sources */ = {isa = PBXBuildFile; fileRef = C896069B18EC4AE7000406CC /* main.m */; };
		C89606A018EC4AE7000406CC /* TDLAppDelegate.m in Sources */ = {isa = PBXBuildFile; fileRef = C896069F18EC4AE7000406CC /* TDLAppDelegate.m */; };
		C89606A218EC4AE7000406CC /* Images.xcassets in Resources */ = {isa = PBXBuildFile; fileRef = C89606A118EC4AE7000406CC /* Images.xcassets */; };
		C89606A918EC4AE7000406CC /* XCTest.framework in Frameworks */ = {isa = PBXBuildFile; fileRef = C89606A818EC4AE7000406CC /* XCTest.framework */; };
		C89606AA18EC4AE7000406CC /* Foundation.framework in Frameworks */ = {isa = PBXBuildFile; fileRef = C896068F18EC4AE7000406CC /* Foundation.framework */; };
		C89606AB18EC4AE7000406CC /* UIKit.framework in Frameworks */ = {isa = PBXBuildFile; fileRef = C896069318EC4AE7000406CC /* UIKit.framework */; };
		C89606B318EC4AE7000406CC /* InfoPlist.strings in Resources */ = {isa = PBXBuildFile; fileRef = C89606B118EC4AE7000406CC /* InfoPlist.strings */; };
		C89606B518EC4AE7000406CC /* todoTests.m in Sources */ = {isa = PBXBuildFile; fileRef = C89606B418EC4AE7000406CC /* todoTests.m */; };
		C89606C018EC4C79000406CC /* TDLRootTableViewController.m in Sources */ = {isa = PBXBuildFile; fileRef = C89606BF18EC4C79000406CC /* TDLRootTableViewController.m */; };
		C89606C218EC8AB4000406CC /* Savitha Reddy.png in Resources */ = {isa = PBXBuildFile; fileRef = C89606C118EC8AB4000406CC /* Savitha Reddy.png */; };
		C89606C418EC8ACC000406CC /* Jeff King.png in Resources */ = {isa = PBXBuildFile; fileRef = C89606C318EC8ACC000406CC /* Jeff King.png */; };
		C89606C618EC8AD2000406CC /* Ali Houshmand.png in Resources */ = {isa = PBXBuildFile; fileRef = C89606C518EC8AD2000406CC /* Ali Houshmand.png */; };
		C89606C818EC8AD9000406CC /* Jeffrey Moulds.png in Resources */ = {isa = PBXBuildFile; fileRef = C89606C718EC8AD9000406CC /* Jeffrey Moulds.png */; };
		C89606D418EC8AFE000406CC /* TJ Mercer.png in Resources */ = {isa = PBXBuildFile; fileRef = C89606C918EC8AFE000406CC /* TJ Mercer.png */; };
		C89606D518EC8AFE000406CC /* Ashby Thornwell.png in Resources */ = {isa = PBXBuildFile; fileRef = C89606CA18EC8AFE000406CC /* Ashby Thornwell.png */; };
		C89606D618EC8AFE000406CC /* John Yam.png in Resources */ = {isa = PBXBuildFile; fileRef = C89606CB18EC8AFE000406CC /* John Yam.png */; };
		C89606D718EC8AFE000406CC /* Austen Johnson.png in Resources */ = {isa = PBXBuildFile; fileRef = C89606CC18EC8AFE000406CC /* Austen Johnson.png */; };
		C89606D818EC8AFE000406CC /* Jisha Obukwelu.png in Resources */ = {isa = PBXBuildFile; fileRef = C89606CD18EC8AFE000406CC /* Jisha Obukwelu.png */; };
		C89606D918EC8AFE000406CC /* Jon Fox.png in Resources */ = {isa = PBXBuildFile; fileRef = C89606CE18EC8AFE000406CC /* Jon Fox.png */; };
		C89606DB18EC8AFE000406CC /* Teddy Conyers.png in Resources */ = {isa = PBXBuildFile; fileRef = C89606D018EC8AFE000406CC /* Teddy Conyers.png */; };
		C89606DD18EC8AFE000406CC /* Heidi Proske.png in Resources */ = {isa = PBXBuildFile; fileRef = C89606D218EC8AFE000406CC /* Heidi Proske.png */; };
		C89606DE18EC8AFE000406CC /* Derek Weber.png in Resources */ = {isa = PBXBuildFile; fileRef = C89606D318EC8AFE000406CC /* Derek Weber.png */; };
		C897610618F4263300237CD4 /* TDLGitHubRequest.m in Sources */ = {isa = PBXBuildFile; fileRef = C897610518F4263300237CD4 /* TDLGitHubRequest.m */; };
		C8EFC61518EDA79600D042DC /* TDLTableViewCell.m in Sources */ = {isa = PBXBuildFile; fileRef = C8EFC61418EDA79600D042DC /* TDLTableViewCell.m */; };
/* End PBXBuildFile section */

/* Begin PBXContainerItemProxy section */
		C89606AC18EC4AE7000406CC /* PBXContainerItemProxy */ = {
			isa = PBXContainerItemProxy;
			containerPortal = C896068418EC4AE7000406CC /* Project object */;
			proxyType = 1;
			remoteGlobalIDString = C896068B18EC4AE7000406CC;
			remoteInfo = todo;
		};
/* End PBXContainerItemProxy section */

/* Begin PBXFileReference section */
		C89594E918EF333E000F7191 /* GitHubFlow.storyboard */ = {isa = PBXFileReference; fileEncoding = 4; lastKnownFileType = file.storyboard; path = GitHubFlow.storyboard; sourceTree = "<group>"; };
		C896068C18EC4AE7000406CC /* todo.app */ = {isa = PBXFileReference; explicitFileType = wrapper.application; includeInIndex = 0; path = todo.app; sourceTree = BUILT_PRODUCTS_DIR; };
		C896068F18EC4AE7000406CC /* Foundation.framework */ = {isa = PBXFileReference; lastKnownFileType = wrapper.framework; name = Foundation.framework; path = System/Library/Frameworks/Foundation.framework; sourceTree = SDKROOT; };
		C896069118EC4AE7000406CC /* CoreGraphics.framework */ = {isa = PBXFileReference; lastKnownFileType = wrapper.framework; name = CoreGraphics.framework; path = System/Library/Frameworks/CoreGraphics.framework; sourceTree = SDKROOT; };
		C896069318EC4AE7000406CC /* UIKit.framework */ = {isa = PBXFileReference; lastKnownFileType = wrapper.framework; name = UIKit.framework; path = System/Library/Frameworks/UIKit.framework; sourceTree = SDKROOT; };
		C896069718EC4AE7000406CC /* todo-Info.plist */ = {isa = PBXFileReference; lastKnownFileType = text.plist.xml; path = "todo-Info.plist"; sourceTree = "<group>"; };
		C896069918EC4AE7000406CC /* en */ = {isa = PBXFileReference; lastKnownFileType = text.plist.strings; name = en; path = en.lproj/InfoPlist.strings; sourceTree = "<group>"; };
		C896069B18EC4AE7000406CC /* main.m */ = {isa = PBXFileReference; lastKnownFileType = sourcecode.c.objc; path = main.m; sourceTree = "<group>"; };
		C896069D18EC4AE7000406CC /* todo-Prefix.pch */ = {isa = PBXFileReference; lastKnownFileType = sourcecode.c.h; path = "todo-Prefix.pch"; sourceTree = "<group>"; };
		C896069E18EC4AE7000406CC /* TDLAppDelegate.h */ = {isa = PBXFileReference; lastKnownFileType = sourcecode.c.h; path = TDLAppDelegate.h; sourceTree = "<group>"; };
		C896069F18EC4AE7000406CC /* TDLAppDelegate.m */ = {isa = PBXFileReference; lastKnownFileType = sourcecode.c.objc; path = TDLAppDelegate.m; sourceTree = "<group>"; };
		C89606A118EC4AE7000406CC /* Images.xcassets */ = {isa = PBXFileReference; lastKnownFileType = folder.assetcatalog; path = Images.xcassets; sourceTree = "<group>"; };
		C89606A718EC4AE7000406CC /* todoTests.xctest */ = {isa = PBXFileReference; explicitFileType = wrapper.cfbundle; includeInIndex = 0; path = todoTests.xctest; sourceTree = BUILT_PRODUCTS_DIR; };
		C89606A818EC4AE7000406CC /* XCTest.framework */ = {isa = PBXFileReference; lastKnownFileType = wrapper.framework; name = XCTest.framework; path = Library/Frameworks/XCTest.framework; sourceTree = DEVELOPER_DIR; };
		C89606B018EC4AE7000406CC /* todoTests-Info.plist */ = {isa = PBXFileReference; lastKnownFileType = text.plist.xml; path = "todoTests-Info.plist"; sourceTree = "<group>"; };
		C89606B218EC4AE7000406CC /* en */ = {isa = PBXFileReference; lastKnownFileType = text.plist.strings; name = en; path = en.lproj/InfoPlist.strings; sourceTree = "<group>"; };
		C89606B418EC4AE7000406CC /* todoTests.m */ = {isa = PBXFileReference; lastKnownFileType = sourcecode.c.objc; path = todoTests.m; sourceTree = "<group>"; };
		C89606BE18EC4C79000406CC /* TDLRootTableViewController.h */ = {isa = PBXFileReference; fileEncoding = 4; lastKnownFileType = sourcecode.c.h; path = TDLRootTableViewController.h; sourceTree = "<group>"; };
		C89606BF18EC4C79000406CC /* TDLRootTableViewController.m */ = {isa = PBXFileReference; fileEncoding = 4; lastKnownFileType = sourcecode.c.objc; path = TDLRootTableViewController.m; sourceTree = "<group>"; };
		C89606C118EC8AB4000406CC /* Savitha Reddy.png */ = {isa = PBXFileReference; lastKnownFileType = image.png; path = "Savitha Reddy.png"; sourceTree = "<group>"; };
		C89606C318EC8ACC000406CC /* Jeff King.png */ = {isa = PBXFileReference; lastKnownFileType = image.png; path = "Jeff King.png"; sourceTree = "<group>"; };
		C89606C518EC8AD2000406CC /* Ali Houshmand.png */ = {isa = PBXFileReference; lastKnownFileType = image.png; path = "Ali Houshmand.png"; sourceTree = "<group>"; };
		C89606C718EC8AD9000406CC /* Jeffrey Moulds.png */ = {isa = PBXFileReference; lastKnownFileType = image.png; path = "Jeffrey Moulds.png"; sourceTree = "<group>"; };
		C89606C918EC8AFE000406CC /* TJ Mercer.png */ = {isa = PBXFileReference; lastKnownFileType = image.png; path = "TJ Mercer.png"; sourceTree = "<group>"; };
		C89606CA18EC8AFE000406CC /* Ashby Thornwell.png */ = {isa = PBXFileReference; lastKnownFileType = image.png; path = "Ashby Thornwell.png"; sourceTree = "<group>"; };
		C89606CB18EC8AFE000406CC /* John Yam.png */ = {isa = PBXFileReference; lastKnownFileType = image.png; path = "John Yam.png"; sourceTree = "<group>"; };
		C89606CC18EC8AFE000406CC /* Austen Johnson.png */ = {isa = PBXFileReference; lastKnownFileType = image.png; path = "Austen Johnson.png"; sourceTree = "<group>"; };
		C89606CD18EC8AFE000406CC /* Jisha Obukwelu.png */ = {isa = PBXFileReference; lastKnownFileType = image.png; path = "Jisha Obukwelu.png"; sourceTree = "<group>"; };
		C89606CE18EC8AFE000406CC /* Jon Fox.png */ = {isa = PBXFileReference; lastKnownFileType = image.png; path = "Jon Fox.png"; sourceTree = "<group>"; };
		C89606D018EC8AFE000406CC /* Teddy Conyers.png */ = {isa = PBXFileReference; lastKnownFileType = image.png; path = "Teddy Conyers.png"; sourceTree = "<group>"; };
		C89606D218EC8AFE000406CC /* Heidi Proske.png */ = {isa = PBXFileReference; lastKnownFileType = image.png; path = "Heidi Proske.png"; sourceTree = "<group>"; };
		C89606D318EC8AFE000406CC /* Derek Weber.png */ = {isa = PBXFileReference; lastKnownFileType = image.png; path = "Derek Weber.png"; sourceTree = "<group>"; };
		C897610418F4263300237CD4 /* TDLGitHubRequest.h */ = {isa = PBXFileReference; fileEncoding = 4; lastKnownFileType = sourcecode.c.h; path = TDLGitHubRequest.h; sourceTree = "<group>"; };
		C897610518F4263300237CD4 /* TDLGitHubRequest.m */ = {isa = PBXFileReference; fileEncoding = 4; lastKnownFileType = sourcecode.c.objc; path = TDLGitHubRequest.m; sourceTree = "<group>"; };
		C8EFC61318EDA79600D042DC /* TDLTableViewCell.h */ = {isa = PBXFileReference; fileEncoding = 4; lastKnownFileType = sourcecode.c.h; path = TDLTableViewCell.h; sourceTree = "<group>"; };
		C8EFC61418EDA79600D042DC /* TDLTableViewCell.m */ = {isa = PBXFileReference; fileEncoding = 4; lastKnownFileType = sourcecode.c.objc; path = TDLTableViewCell.m; sourceTree = "<group>"; };
/* End PBXFileReference section */

/* Begin PBXFrameworksBuildPhase section */
		C896068918EC4AE7000406CC /* Frameworks */ = {
			isa = PBXFrameworksBuildPhase;
			buildActionMask = 2147483647;
			files = (
				C896069218EC4AE7000406CC /* CoreGraphics.framework in Frameworks */,
				C896069418EC4AE7000406CC /* UIKit.framework in Frameworks */,
				C896069018EC4AE7000406CC /* Foundation.framework in Frameworks */,
			);
			runOnlyForDeploymentPostprocessing = 0;
		};
		C89606A418EC4AE7000406CC /* Frameworks */ = {
			isa = PBXFrameworksBuildPhase;
			buildActionMask = 2147483647;
			files = (
				C89606A918EC4AE7000406CC /* XCTest.framework in Frameworks */,
				C89606AB18EC4AE7000406CC /* UIKit.framework in Frameworks */,
				C89606AA18EC4AE7000406CC /* Foundation.framework in Frameworks */,
			);
			runOnlyForDeploymentPostprocessing = 0;
		};
/* End PBXFrameworksBuildPhase section */

/* Begin PBXGroup section */
		C896068318EC4AE7000406CC = {
			isa = PBXGroup;
			children = (
				C89594E918EF333E000F7191 /* GitHubFlow.storyboard */,
				C896069518EC4AE7000406CC /* todo */,
				C8EFC61618EDA7B300D042DC /* Controllers */,
				C89606DF18ECA690000406CC /* Pictures */,
				C89606AE18EC4AE7000406CC /* todoTests */,
				C896068E18EC4AE7000406CC /* Frameworks */,
				C896068D18EC4AE7000406CC /* Products */,
			);
			sourceTree = "<group>";
		};
		C896068D18EC4AE7000406CC /* Products */ = {
			isa = PBXGroup;
			children = (
				C896068C18EC4AE7000406CC /* todo.app */,
				C89606A718EC4AE7000406CC /* todoTests.xctest */,
			);
			name = Products;
			sourceTree = "<group>";
		};
		C896068E18EC4AE7000406CC /* Frameworks */ = {
			isa = PBXGroup;
			children = (
				C896068F18EC4AE7000406CC /* Foundation.framework */,
				C896069118EC4AE7000406CC /* CoreGraphics.framework */,
				C896069318EC4AE7000406CC /* UIKit.framework */,
				C89606A818EC4AE7000406CC /* XCTest.framework */,
			);
			name = Frameworks;
			sourceTree = "<group>";
		};
		C896069518EC4AE7000406CC /* todo */ = {
			isa = PBXGroup;
			children = (
				C896069E18EC4AE7000406CC /* TDLAppDelegate.h */,
				C896069F18EC4AE7000406CC /* TDLAppDelegate.m */,
				C89606A118EC4AE7000406CC /* Images.xcassets */,
				C896069618EC4AE7000406CC /* Supporting Files */,
				C897610418F4263300237CD4 /* TDLGitHubRequest.h */,
				C897610518F4263300237CD4 /* TDLGitHubRequest.m */,
			);
			path = todo;
			sourceTree = "<group>";
		};
		C896069618EC4AE7000406CC /* Supporting Files */ = {
			isa = PBXGroup;
			children = (
				C896069718EC4AE7000406CC /* todo-Info.plist */,
				C896069818EC4AE7000406CC /* InfoPlist.strings */,
				C896069B18EC4AE7000406CC /* main.m */,
				C896069D18EC4AE7000406CC /* todo-Prefix.pch */,
			);
			name = "Supporting Files";
			sourceTree = "<group>";
		};
		C89606AE18EC4AE7000406CC /* todoTests */ = {
			isa = PBXGroup;
			children = (
				C89606B418EC4AE7000406CC /* todoTests.m */,
				C89606AF18EC4AE7000406CC /* Supporting Files */,
			);
			path = todoTests;
			sourceTree = "<group>";
		};
		C89606AF18EC4AE7000406CC /* Supporting Files */ = {
			isa = PBXGroup;
			children = (
				C89606B018EC4AE7000406CC /* todoTests-Info.plist */,
				C89606B118EC4AE7000406CC /* InfoPlist.strings */,
			);
			name = "Supporting Files";
			sourceTree = "<group>";
		};
		C89606DF18ECA690000406CC /* Pictures */ = {
			isa = PBXGroup;
			children = (
				C89606D218EC8AFE000406CC /* Heidi Proske.png */,
				C89606CB18EC8AFE000406CC /* John Yam.png */,
				C89606C918EC8AFE000406CC /* TJ Mercer.png */,
				C89606D018EC8AFE000406CC /* Teddy Conyers.png */,
				C89606CE18EC8AFE000406CC /* Jon Fox.png */,
				C89606CC18EC8AFE000406CC /* Austen Johnson.png */,
				C89606CA18EC8AFE000406CC /* Ashby Thornwell.png */,
				C89606D318EC8AFE000406CC /* Derek Weber.png */,
				C89606C718EC8AD9000406CC /* Jeffrey Moulds.png */,
				C89606C518EC8AD2000406CC /* Ali Houshmand.png */,
				C89606C318EC8ACC000406CC /* Jeff King.png */,
				C89606C118EC8AB4000406CC /* Savitha Reddy.png */,
				C89606CD18EC8AFE000406CC /* Jisha Obukwelu.png */,
			);
			name = Pictures;
			path = todo;
			sourceTree = "<group>";
		};
		C8EFC61618EDA7B300D042DC /* Controllers */ = {
			isa = PBXGroup;
			children = (
				C89606BE18EC4C79000406CC /* TDLRootTableViewController.h */,
				C89606BF18EC4C79000406CC /* TDLRootTableViewController.m */,
				C8EFC61718EDA7F400D042DC /* TableView */,
			);
			name = Controllers;
			path = todo;
			sourceTree = "<group>";
		};
		C8EFC61718EDA7F400D042DC /* TableView */ = {
			isa = PBXGroup;
			children = (
				C8EFC61318EDA79600D042DC /* TDLTableViewCell.h */,
				C8EFC61418EDA79600D042DC /* TDLTableViewCell.m */,
			);
			name = TableView;
			sourceTree = "<group>";
		};
/* End PBXGroup section */

/* Begin PBXNativeTarget section */
		C896068B18EC4AE7000406CC /* todo */ = {
			isa = PBXNativeTarget;
			buildConfigurationList = C89606B818EC4AE7000406CC /* Build configuration list for PBXNativeTarget "todo" */;
			buildPhases = (
				C896068818EC4AE7000406CC /* Sources */,
				C896068918EC4AE7000406CC /* Frameworks */,
				C896068A18EC4AE7000406CC /* Resources */,
			);
			buildRules = (
			);
			dependencies = (
			);
			name = todo;
			productName = todo;
			productReference = C896068C18EC4AE7000406CC /* todo.app */;
			productType = "com.apple.product-type.application";
		};
		C89606A618EC4AE7000406CC /* todoTests */ = {
			isa = PBXNativeTarget;
			buildConfigurationList = C89606BB18EC4AE7000406CC /* Build configuration list for PBXNativeTarget "todoTests" */;
			buildPhases = (
				C89606A318EC4AE7000406CC /* Sources */,
				C89606A418EC4AE7000406CC /* Frameworks */,
				C89606A518EC4AE7000406CC /* Resources */,
			);
			buildRules = (
			);
			dependencies = (
				C89606AD18EC4AE7000406CC /* PBXTargetDependency */,
			);
			name = todoTests;
			productName = todoTests;
			productReference = C89606A718EC4AE7000406CC /* todoTests.xctest */;
			productType = "com.apple.product-type.bundle.unit-test";
		};
/* End PBXNativeTarget section */

/* Begin PBXProject section */
		C896068418EC4AE7000406CC /* Project object */ = {
			isa = PBXProject;
			attributes = {
				CLASSPREFIX = TDL;
				LastUpgradeCheck = 0510;
				ORGANIZATIONNAME = "Austen Johnson";
				TargetAttributes = {
					C89606A618EC4AE7000406CC = {
						TestTargetID = C896068B18EC4AE7000406CC;
					};
				};
			};
			buildConfigurationList = C896068718EC4AE7000406CC /* Build configuration list for PBXProject "todo" */;
			compatibilityVersion = "Xcode 3.2";
			developmentRegion = English;
			hasScannedForEncodings = 0;
			knownRegions = (
				en,
			);
			mainGroup = C896068318EC4AE7000406CC;
			productRefGroup = C896068D18EC4AE7000406CC /* Products */;
			projectDirPath = "";
			projectRoot = "";
			targets = (
				C896068B18EC4AE7000406CC /* todo */,
				C89606A618EC4AE7000406CC /* todoTests */,
			);
		};
/* End PBXProject section */

/* Begin PBXResourcesBuildPhase section */
		C896068A18EC4AE7000406CC /* Resources */ = {
			isa = PBXResourcesBuildPhase;
			buildActionMask = 2147483647;
			files = (
				C89606D418EC8AFE000406CC /* TJ Mercer.png in Resources */,
				C89606C418EC8ACC000406CC /* Jeff King.png in Resources */,
				C89606D718EC8AFE000406CC /* Austen Johnson.png in Resources */,
				C89606C618EC8AD2000406CC /* Ali Houshmand.png in Resources */,
				C89606DE18EC8AFE000406CC /* Derek Weber.png in Resources */,
				C89594EA18EF333E000F7191 /* GitHubFlow.storyboard in Resources */,
				C896069A18EC4AE7000406CC /* InfoPlist.strings in Resources */,
				C89606D518EC8AFE000406CC /* Ashby Thornwell.png in Resources */,
				C89606D918EC8AFE000406CC /* Jon Fox.png in Resources */,
				C89606DB18EC8AFE000406CC /* Teddy Conyers.png in Resources */,
				C89606A218EC4AE7000406CC /* Images.xcassets in Resources */,
				C89606DD18EC8AFE000406CC /* Heidi Proske.png in Resources */,
				C89606C818EC8AD9000406CC /* Jeffrey Moulds.png in Resources */,
				C89606D618EC8AFE000406CC /* John Yam.png in Resources */,
				C89606C218EC8AB4000406CC /* Savitha Reddy.png in Resources */,
				C89606D818EC8AFE000406CC /* Jisha Obukwelu.png in Resources */,
			);
			runOnlyForDeploymentPostprocessing = 0;
		};
		C89606A518EC4AE7000406CC /* Resources */ = {
			isa = PBXResourcesBuildPhase;
			buildActionMask = 2147483647;
			files = (
				C89606B318EC4AE7000406CC /* InfoPlist.strings in Resources */,
			);
			runOnlyForDeploymentPostprocessing = 0;
		};
/* End PBXResourcesBuildPhase section */

/* Begin PBXSourcesBuildPhase section */
		C896068818EC4AE7000406CC /* Sources */ = {
			isa = PBXSourcesBuildPhase;
			buildActionMask = 2147483647;
			files = (
				C8EFC61518EDA79600D042DC /* TDLTableViewCell.m in Sources */,
				C896069C18EC4AE7000406CC /* main.m in Sources */,
				C897610618F4263300237CD4 /* TDLGitHubRequest.m in Sources */,
				C89606A018EC4AE7000406CC /* TDLAppDelegate.m in Sources */,
				C89606C018EC4C79000406CC /* TDLRootTableViewController.m in Sources */,
			);
			runOnlyForDeploymentPostprocessing = 0;
		};
		C89606A318EC4AE7000406CC /* Sources */ = {
			isa = PBXSourcesBuildPhase;
			buildActionMask = 2147483647;
			files = (
				C89606B518EC4AE7000406CC /* todoTests.m in Sources */,
			);
			runOnlyForDeploymentPostprocessing = 0;
		};
/* End PBXSourcesBuildPhase section */

/* Begin PBXTargetDependency section */
		C89606AD18EC4AE7000406CC /* PBXTargetDependency */ = {
			isa = PBXTargetDependency;
			target = C896068B18EC4AE7000406CC /* todo */;
			targetProxy = C89606AC18EC4AE7000406CC /* PBXContainerItemProxy */;
		};
/* End PBXTargetDependency section */

/* Begin PBXVariantGroup section */
		C896069818EC4AE7000406CC /* InfoPlist.strings */ = {
			isa = PBXVariantGroup;
			children = (
				C896069918EC4AE7000406CC /* en */,
			);
			name = InfoPlist.strings;
			sourceTree = "<group>";
		};
		C89606B118EC4AE7000406CC /* InfoPlist.strings */ = {
			isa = PBXVariantGroup;
			children = (
				C89606B218EC4AE7000406CC /* en */,
			);
			name = InfoPlist.strings;
			sourceTree = "<group>";
		};
/* End PBXVariantGroup section */

/* Begin XCBuildConfiguration section */
		C89606B618EC4AE7000406CC /* Debug */ = {
			isa = XCBuildConfiguration;
			buildSettings = {
				ALWAYS_SEARCH_USER_PATHS = NO;
				CLANG_CXX_LANGUAGE_STANDARD = "gnu++0x";
				CLANG_CXX_LIBRARY = "libc++";
				CLANG_ENABLE_MODULES = YES;
				CLANG_ENABLE_OBJC_ARC = YES;
				CLANG_WARN_BOOL_CONVERSION = YES;
				CLANG_WARN_CONSTANT_CONVERSION = YES;
				CLANG_WARN_DIRECT_OBJC_ISA_USAGE = YES_ERROR;
				CLANG_WARN_EMPTY_BODY = YES;
				CLANG_WARN_ENUM_CONVERSION = YES;
				CLANG_WARN_INT_CONVERSION = YES;
				CLANG_WARN_OBJC_ROOT_CLASS = YES_ERROR;
				CLANG_WARN__DUPLICATE_METHOD_MATCH = YES;
				"CODE_SIGN_IDENTITY[sdk=iphoneos*]" = "iPhone Developer";
				COPY_PHASE_STRIP = NO;
				GCC_C_LANGUAGE_STANDARD = gnu99;
				GCC_DYNAMIC_NO_PIC = NO;
				GCC_OPTIMIZATION_LEVEL = 0;
				GCC_PREPROCESSOR_DEFINITIONS = (
					"DEBUG=1",
					"$(inherited)",
				);
				GCC_SYMBOLS_PRIVATE_EXTERN = NO;
				GCC_WARN_64_TO_32_BIT_CONVERSION = YES;
				GCC_WARN_ABOUT_RETURN_TYPE = YES_ERROR;
				GCC_WARN_UNDECLARED_SELECTOR = YES;
				GCC_WARN_UNINITIALIZED_AUTOS = YES_AGGRESSIVE;
				GCC_WARN_UNUSED_FUNCTION = YES;
				GCC_WARN_UNUSED_VARIABLE = YES;
				IPHONEOS_DEPLOYMENT_TARGET = 7.1;
				ONLY_ACTIVE_ARCH = YES;
				SDKROOT = iphoneos;
			};
			name = Debug;
		};
		C89606B718EC4AE7000406CC /* Release */ = {
			isa = XCBuildConfiguration;
			buildSettings = {
				ALWAYS_SEARCH_USER_PATHS = NO;
				CLANG_CXX_LANGUAGE_STANDARD = "gnu++0x";
				CLANG_CXX_LIBRARY = "libc++";
				CLANG_ENABLE_MODULES = YES;
				CLANG_ENABLE_OBJC_ARC = YES;
				CLANG_WARN_BOOL_CONVERSION = YES;
				CLANG_WARN_CONSTANT_CONVERSION = YES;
				CLANG_WARN_DIRECT_OBJC_ISA_USAGE = YES_ERROR;
				CLANG_WARN_EMPTY_BODY = YES;
				CLANG_WARN_ENUM_CONVERSION = YES;
				CLANG_WARN_INT_CONVERSION = YES;
				CLANG_WARN_OBJC_ROOT_CLASS = YES_ERROR;
				CLANG_WARN__DUPLICATE_METHOD_MATCH = YES;
				"CODE_SIGN_IDENTITY[sdk=iphoneos*]" = "iPhone Developer";
				COPY_PHASE_STRIP = YES;
				ENABLE_NS_ASSERTIONS = NO;
				GCC_C_LANGUAGE_STANDARD = gnu99;
				GCC_WARN_64_TO_32_BIT_CONVERSION = YES;
				GCC_WARN_ABOUT_RETURN_TYPE = YES_ERROR;
				GCC_WARN_UNDECLARED_SELECTOR = YES;
				GCC_WARN_UNINITIALIZED_AUTOS = YES_AGGRESSIVE;
				GCC_WARN_UNUSED_FUNCTION = YES;
				GCC_WARN_UNUSED_VARIABLE = YES;
				IPHONEOS_DEPLOYMENT_TARGET = 7.1;
				SDKROOT = iphoneos;
				VALIDATE_PRODUCT = YES;
			};
			name = Release;
		};
		C89606B918EC4AE7000406CC /* Debug */ = {
			isa = XCBuildConfiguration;
			buildSettings = {
				ASSETCATALOG_COMPILER_APPICON_NAME = AppIcon;
				ASSETCATALOG_COMPILER_LAUNCHIMAGE_NAME = LaunchImage;
				GCC_PRECOMPILE_PREFIX_HEADER = YES;
				GCC_PREFIX_HEADER = "todo/todo-Prefix.pch";
				INFOPLIST_FILE = "todo/todo-Info.plist";
				PRODUCT_NAME = "$(TARGET_NAME)";
				WRAPPER_EXTENSION = app;
			};
			name = Debug;
		};
		C89606BA18EC4AE7000406CC /* Release */ = {
			isa = XCBuildConfiguration;
			buildSettings = {
				ASSETCATALOG_COMPILER_APPICON_NAME = AppIcon;
				ASSETCATALOG_COMPILER_LAUNCHIMAGE_NAME = LaunchImage;
				GCC_PRECOMPILE_PREFIX_HEADER = YES;
				GCC_PREFIX_HEADER = "todo/todo-Prefix.pch";
				INFOPLIST_FILE = "todo/todo-Info.plist";
				PRODUCT_NAME = "$(TARGET_NAME)";
				WRAPPER_EXTENSION = app;
			};
			name = Release;
		};
		C89606BC18EC4AE7000406CC /* Debug */ = {
			isa = XCBuildConfiguration;
			buildSettings = {
				BUNDLE_LOADER = "$(BUILT_PRODUCTS_DIR)/todo.app/todo";
				FRAMEWORK_SEARCH_PATHS = (
					"$(SDKROOT)/Developer/Library/Frameworks",
					"$(inherited)",
					"$(DEVELOPER_FRAMEWORKS_DIR)",
				);
				GCC_PRECOMPILE_PREFIX_HEADER = YES;
				GCC_PREFIX_HEADER = "todo/todo-Prefix.pch";
				GCC_PREPROCESSOR_DEFINITIONS = (
					"DEBUG=1",
					"$(inherited)",
				);
				INFOPLIST_FILE = "todoTests/todoTests-Info.plist";
				PRODUCT_NAME = "$(TARGET_NAME)";
				TEST_HOST = "$(BUNDLE_LOADER)";
				WRAPPER_EXTENSION = xctest;
			};
			name = Debug;
		};
		C89606BD18EC4AE7000406CC /* Release */ = {
			isa = XCBuildConfiguration;
			buildSettings = {
				BUNDLE_LOADER = "$(BUILT_PRODUCTS_DIR)/todo.app/todo";
				FRAMEWORK_SEARCH_PATHS = (
					"$(SDKROOT)/Developer/Library/Frameworks",
					"$(inherited)",
					"$(DEVELOPER_FRAMEWORKS_DIR)",
				);
				GCC_PRECOMPILE_PREFIX_HEADER = YES;
				GCC_PREFIX_HEADER = "todo/todo-Prefix.pch";
				INFOPLIST_FILE = "todoTests/todoTests-Info.plist";
				PRODUCT_NAME = "$(TARGET_NAME)";
				TEST_HOST = "$(BUNDLE_LOADER)";
				WRAPPER_EXTENSION = xctest;
			};
			name = Release;
		};
/* End XCBuildConfiguration section */

/* Begin XCConfigurationList section */
		C896068718EC4AE7000406CC /* Build configuration list for PBXProject "todo" */ = {
			isa = XCConfigurationList;
			buildConfigurations = (
				C89606B618EC4AE7000406CC /* Debug */,
				C89606B718EC4AE7000406CC /* Release */,
			);
			defaultConfigurationIsVisible = 0;
			defaultConfigurationName = Release;
		};
		C89606B818EC4AE7000406CC /* Build configuration list for PBXNativeTarget "todo" */ = {
			isa = XCConfigurationList;
			buildConfigurations = (
				C89606B918EC4AE7000406CC /* Debug */,
				C89606BA18EC4AE7000406CC /* Release */,
			);
			defaultConfigurationIsVisible = 0;
			defaultConfigurationName = Release;
		};
		C89606BB18EC4AE7000406CC /* Build configuration list for PBXNativeTarget "todoTests" */ = {
			isa = XCConfigurationList;
			buildConfigurations = (
				C89606BC18EC4AE7000406CC /* Debug */,
				C89606BD18EC4AE7000406CC /* Release */,
			);
			defaultConfigurationIsVisible = 0;
			defaultConfigurationName = Release;
		};
/* End XCConfigurationList section */
	};
	rootObject = C896068418EC4AE7000406CC /* Project object */;
}
