// !$*UTF8*$!
{
	archiveVersion = 1;
	classes = {
	};
	objectVersion = 46;
	objects = {

/* Begin PBXBuildFile section */
		C81A26711924F6C400FAC5A0 /* Foundation.framework in Frameworks */ = {isa = PBXBuildFile; fileRef = C81A26701924F6C400FAC5A0 /* Foundation.framework */; };
		C81A26731924F6C400FAC5A0 /* CoreGraphics.framework in Frameworks */ = {isa = PBXBuildFile; fileRef = C81A26721924F6C400FAC5A0 /* CoreGraphics.framework */; };
		C81A26751924F6C400FAC5A0 /* UIKit.framework in Frameworks */ = {isa = PBXBuildFile; fileRef = C81A26741924F6C400FAC5A0 /* UIKit.framework */; };
		C81A267B1924F6C400FAC5A0 /* InfoPlist.strings in Resources */ = {isa = PBXBuildFile; fileRef = C81A26791924F6C400FAC5A0 /* InfoPlist.strings */; };
		C81A267D1924F6C400FAC5A0 /* main.m in Sources */ = {isa = PBXBuildFile; fileRef = C81A267C1924F6C400FAC5A0 /* main.m */; };
		C81A26811924F6C400FAC5A0 /* SABAppDelegate.m in Sources */ = {isa = PBXBuildFile; fileRef = C81A26801924F6C400FAC5A0 /* SABAppDelegate.m */; };
		C81A26831924F6C400FAC5A0 /* Images.xcassets in Resources */ = {isa = PBXBuildFile; fileRef = C81A26821924F6C400FAC5A0 /* Images.xcassets */; };
		C81A268A1924F6C400FAC5A0 /* XCTest.framework in Frameworks */ = {isa = PBXBuildFile; fileRef = C81A26891924F6C400FAC5A0 /* XCTest.framework */; };
		C81A268B1924F6C400FAC5A0 /* Foundation.framework in Frameworks */ = {isa = PBXBuildFile; fileRef = C81A26701924F6C400FAC5A0 /* Foundation.framework */; };
		C81A268C1924F6C400FAC5A0 /* UIKit.framework in Frameworks */ = {isa = PBXBuildFile; fileRef = C81A26741924F6C400FAC5A0 /* UIKit.framework */; };
		C81A26941924F6C400FAC5A0 /* InfoPlist.strings in Resources */ = {isa = PBXBuildFile; fileRef = C81A26921924F6C400FAC5A0 /* InfoPlist.strings */; };
		C81A26961924F6C400FAC5A0 /* Stuffed_Animal_BattleTests.m in Sources */ = {isa = PBXBuildFile; fileRef = C81A26951924F6C400FAC5A0 /* Stuffed_Animal_BattleTests.m */; };
		C81A26A11924F6EB00FAC5A0 /* SABRootViewController.m in Sources */ = {isa = PBXBuildFile; fileRef = C81A26A01924F6EB00FAC5A0 /* SABRootViewController.m */; };
		C81A26A41924FBE100FAC5A0 /* SABGameScene.m in Sources */ = {isa = PBXBuildFile; fileRef = C81A26A31924FBE100FAC5A0 /* SABGameScene.m */; };
		C81A26A719253EFA00FAC5A0 /* MyParticle.sks in Resources */ = {isa = PBXBuildFile; fileRef = C81A26A519253EFA00FAC5A0 /* MyParticle.sks */; };
		C81A26A819253EFA00FAC5A0 /* spark.png in Resources */ = {isa = PBXBuildFile; fileRef = C81A26A619253EFA00FAC5A0 /* spark.png */; };
		C81A26AA1925403D00FAC5A0 /* MyParticleFire.sks in Resources */ = {isa = PBXBuildFile; fileRef = C81A26A91925403D00FAC5A0 /* MyParticleFire.sks */; };
		C81A26AC1925958B00FAC5A0 /* megaman.png in Resources */ = {isa = PBXBuildFile; fileRef = C81A26AB1925958B00FAC5A0 /* megaman.png */; };
		C81A26B019263F0600FAC5A0 /* drwily.png in Resources */ = {isa = PBXBuildFile; fileRef = C81A26AF19263F0600FAC5A0 /* drwily.png */; };
		C81A26BA1926598100FAC5A0 /* char.atlas in Resources */ = {isa = PBXBuildFile; fileRef = C81A26B91926598100FAC5A0 /* char.atlas */; };
/* End PBXBuildFile section */

/* Begin PBXContainerItemProxy section */
		C81A268D1924F6C400FAC5A0 /* PBXContainerItemProxy */ = {
			isa = PBXContainerItemProxy;
			containerPortal = C81A26651924F6C400FAC5A0 /* Project object */;
			proxyType = 1;
			remoteGlobalIDString = C81A266C1924F6C400FAC5A0;
			remoteInfo = "Stuffed Animal Battle";
		};
/* End PBXContainerItemProxy section */

/* Begin PBXFileReference section */
		C81A266D1924F6C400FAC5A0 /* Stuffed Animal Battle.app */ = {isa = PBXFileReference; explicitFileType = wrapper.application; includeInIndex = 0; path = "Stuffed Animal Battle.app"; sourceTree = BUILT_PRODUCTS_DIR; };
		C81A26701924F6C400FAC5A0 /* Foundation.framework */ = {isa = PBXFileReference; lastKnownFileType = wrapper.framework; name = Foundation.framework; path = System/Library/Frameworks/Foundation.framework; sourceTree = SDKROOT; };
		C81A26721924F6C400FAC5A0 /* CoreGraphics.framework */ = {isa = PBXFileReference; lastKnownFileType = wrapper.framework; name = CoreGraphics.framework; path = System/Library/Frameworks/CoreGraphics.framework; sourceTree = SDKROOT; };
		C81A26741924F6C400FAC5A0 /* UIKit.framework */ = {isa = PBXFileReference; lastKnownFileType = wrapper.framework; name = UIKit.framework; path = System/Library/Frameworks/UIKit.framework; sourceTree = SDKROOT; };
		C81A26781924F6C400FAC5A0 /* Stuffed Animal Battle-Info.plist */ = {isa = PBXFileReference; lastKnownFileType = text.plist.xml; path = "Stuffed Animal Battle-Info.plist"; sourceTree = "<group>"; };
		C81A267A1924F6C400FAC5A0 /* en */ = {isa = PBXFileReference; lastKnownFileType = text.plist.strings; name = en; path = en.lproj/InfoPlist.strings; sourceTree = "<group>"; };
		C81A267C1924F6C400FAC5A0 /* main.m */ = {isa = PBXFileReference; lastKnownFileType = sourcecode.c.objc; path = main.m; sourceTree = "<group>"; };
		C81A267E1924F6C400FAC5A0 /* Stuffed Animal Battle-Prefix.pch */ = {isa = PBXFileReference; lastKnownFileType = sourcecode.c.h; path = "Stuffed Animal Battle-Prefix.pch"; sourceTree = "<group>"; };
		C81A267F1924F6C400FAC5A0 /* SABAppDelegate.h */ = {isa = PBXFileReference; lastKnownFileType = sourcecode.c.h; path = SABAppDelegate.h; sourceTree = "<group>"; };
		C81A26801924F6C400FAC5A0 /* SABAppDelegate.m */ = {isa = PBXFileReference; lastKnownFileType = sourcecode.c.objc; path = SABAppDelegate.m; sourceTree = "<group>"; };
		C81A26821924F6C400FAC5A0 /* Images.xcassets */ = {isa = PBXFileReference; lastKnownFileType = folder.assetcatalog; path = Images.xcassets; sourceTree = "<group>"; };
		C81A26881924F6C400FAC5A0 /* Stuffed Animal BattleTests.xctest */ = {isa = PBXFileReference; explicitFileType = wrapper.cfbundle; includeInIndex = 0; path = "Stuffed Animal BattleTests.xctest"; sourceTree = BUILT_PRODUCTS_DIR; };
		C81A26891924F6C400FAC5A0 /* XCTest.framework */ = {isa = PBXFileReference; lastKnownFileType = wrapper.framework; name = XCTest.framework; path = Library/Frameworks/XCTest.framework; sourceTree = DEVELOPER_DIR; };
		C81A26911924F6C400FAC5A0 /* Stuffed Animal BattleTests-Info.plist */ = {isa = PBXFileReference; lastKnownFileType = text.plist.xml; path = "Stuffed Animal BattleTests-Info.plist"; sourceTree = "<group>"; };
		C81A26931924F6C400FAC5A0 /* en */ = {isa = PBXFileReference; lastKnownFileType = text.plist.strings; name = en; path = en.lproj/InfoPlist.strings; sourceTree = "<group>"; };
		C81A26951924F6C400FAC5A0 /* Stuffed_Animal_BattleTests.m */ = {isa = PBXFileReference; lastKnownFileType = sourcecode.c.objc; path = Stuffed_Animal_BattleTests.m; sourceTree = "<group>"; };
		C81A269F1924F6EB00FAC5A0 /* SABRootViewController.h */ = {isa = PBXFileReference; fileEncoding = 4; lastKnownFileType = sourcecode.c.h; path = SABRootViewController.h; sourceTree = "<group>"; };
		C81A26A01924F6EB00FAC5A0 /* SABRootViewController.m */ = {isa = PBXFileReference; fileEncoding = 4; lastKnownFileType = sourcecode.c.objc; path = SABRootViewController.m; sourceTree = "<group>"; };
		C81A26A21924FBE100FAC5A0 /* SABGameScene.h */ = {isa = PBXFileReference; fileEncoding = 4; lastKnownFileType = sourcecode.c.h; path = SABGameScene.h; sourceTree = "<group>"; };
		C81A26A31924FBE100FAC5A0 /* SABGameScene.m */ = {isa = PBXFileReference; fileEncoding = 4; lastKnownFileType = sourcecode.c.objc; path = SABGameScene.m; sourceTree = "<group>"; };
		C81A26A519253EFA00FAC5A0 /* MyParticle.sks */ = {isa = PBXFileReference; lastKnownFileType = file.sks; path = MyParticle.sks; sourceTree = "<group>"; };
		C81A26A619253EFA00FAC5A0 /* spark.png */ = {isa = PBXFileReference; lastKnownFileType = image.png; path = spark.png; sourceTree = "<group>"; };
		C81A26A91925403D00FAC5A0 /* MyParticleFire.sks */ = {isa = PBXFileReference; lastKnownFileType = file.sks; path = MyParticleFire.sks; sourceTree = "<group>"; };
		C81A26AB1925958B00FAC5A0 /* megaman.png */ = {isa = PBXFileReference; lastKnownFileType = image.png; path = megaman.png; sourceTree = "<group>"; };
		C81A26AF19263F0600FAC5A0 /* drwily.png */ = {isa = PBXFileReference; lastKnownFileType = image.png; path = drwily.png; sourceTree = "<group>"; };
		C81A26B91926598100FAC5A0 /* char.atlas */ = {isa = PBXFileReference; lastKnownFileType = folder.skatlas; name = char.atlas; path = "Stuffed Animal Battle/char.atlas"; sourceTree = "<group>"; };
/* End PBXFileReference section */

/* Begin PBXFrameworksBuildPhase section */
		C81A266A1924F6C400FAC5A0 /* Frameworks */ = {
			isa = PBXFrameworksBuildPhase;
			buildActionMask = 2147483647;
			files = (
				C81A26731924F6C400FAC5A0 /* CoreGraphics.framework in Frameworks */,
				C81A26751924F6C400FAC5A0 /* UIKit.framework in Frameworks */,
				C81A26711924F6C400FAC5A0 /* Foundation.framework in Frameworks */,
			);
			runOnlyForDeploymentPostprocessing = 0;
		};
		C81A26851924F6C400FAC5A0 /* Frameworks */ = {
			isa = PBXFrameworksBuildPhase;
			buildActionMask = 2147483647;
			files = (
				C81A268A1924F6C400FAC5A0 /* XCTest.framework in Frameworks */,
				C81A268C1924F6C400FAC5A0 /* UIKit.framework in Frameworks */,
				C81A268B1924F6C400FAC5A0 /* Foundation.framework in Frameworks */,
			);
			runOnlyForDeploymentPostprocessing = 0;
		};
/* End PBXFrameworksBuildPhase section */

/* Begin PBXGroup section */
		C81A26641924F6C400FAC5A0 = {
			isa = PBXGroup;
			children = (
				C81A26B91926598100FAC5A0 /* char.atlas */,
				C81A26A91925403D00FAC5A0 /* MyParticleFire.sks */,
				C81A26A519253EFA00FAC5A0 /* MyParticle.sks */,
				C81A26A619253EFA00FAC5A0 /* spark.png */,
				C81A26A21924FBE100FAC5A0 /* SABGameScene.h */,
				C81A26A31924FBE100FAC5A0 /* SABGameScene.m */,
				C81A269F1924F6EB00FAC5A0 /* SABRootViewController.h */,
				C81A26A01924F6EB00FAC5A0 /* SABRootViewController.m */,
				C81A26761924F6C400FAC5A0 /* Stuffed Animal Battle */,
				C81A268F1924F6C400FAC5A0 /* Stuffed Animal BattleTests */,
				C81A266F1924F6C400FAC5A0 /* Frameworks */,
				C81A266E1924F6C400FAC5A0 /* Products */,
			);
			sourceTree = "<group>";
		};
		C81A266E1924F6C400FAC5A0 /* Products */ = {
			isa = PBXGroup;
			children = (
				C81A266D1924F6C400FAC5A0 /* Stuffed Animal Battle.app */,
				C81A26881924F6C400FAC5A0 /* Stuffed Animal BattleTests.xctest */,
			);
			name = Products;
			sourceTree = "<group>";
		};
		C81A266F1924F6C400FAC5A0 /* Frameworks */ = {
			isa = PBXGroup;
			children = (
				C81A26701924F6C400FAC5A0 /* Foundation.framework */,
				C81A26721924F6C400FAC5A0 /* CoreGraphics.framework */,
				C81A26741924F6C400FAC5A0 /* UIKit.framework */,
				C81A26891924F6C400FAC5A0 /* XCTest.framework */,
			);
			name = Frameworks;
			sourceTree = "<group>";
		};
		C81A26761924F6C400FAC5A0 /* Stuffed Animal Battle */ = {
			isa = PBXGroup;
			children = (
				C81A267F1924F6C400FAC5A0 /* SABAppDelegate.h */,
				C81A26801924F6C400FAC5A0 /* SABAppDelegate.m */,
				C81A26AF19263F0600FAC5A0 /* drwily.png */,
				C81A26AB1925958B00FAC5A0 /* megaman.png */,
				C81A26821924F6C400FAC5A0 /* Images.xcassets */,
				C81A26771924F6C400FAC5A0 /* Supporting Files */,
			);
			path = "Stuffed Animal Battle";
			sourceTree = "<group>";
		};
		C81A26771924F6C400FAC5A0 /* Supporting Files */ = {
			isa = PBXGroup;
			children = (
				C81A26781924F6C400FAC5A0 /* Stuffed Animal Battle-Info.plist */,
				C81A26791924F6C400FAC5A0 /* InfoPlist.strings */,
				C81A267C1924F6C400FAC5A0 /* main.m */,
				C81A267E1924F6C400FAC5A0 /* Stuffed Animal Battle-Prefix.pch */,
			);
			name = "Supporting Files";
			sourceTree = "<group>";
		};
		C81A268F1924F6C400FAC5A0 /* Stuffed Animal BattleTests */ = {
			isa = PBXGroup;
			children = (
				C81A26951924F6C400FAC5A0 /* Stuffed_Animal_BattleTests.m */,
				C81A26901924F6C400FAC5A0 /* Supporting Files */,
			);
			path = "Stuffed Animal BattleTests";
			sourceTree = "<group>";
		};
		C81A26901924F6C400FAC5A0 /* Supporting Files */ = {
			isa = PBXGroup;
			children = (
				C81A26911924F6C400FAC5A0 /* Stuffed Animal BattleTests-Info.plist */,
				C81A26921924F6C400FAC5A0 /* InfoPlist.strings */,
			);
			name = "Supporting Files";
			sourceTree = "<group>";
		};
/* End PBXGroup section */

/* Begin PBXNativeTarget section */
		C81A266C1924F6C400FAC5A0 /* Stuffed Animal Battle */ = {
			isa = PBXNativeTarget;
			buildConfigurationList = C81A26991924F6C400FAC5A0 /* Build configuration list for PBXNativeTarget "Stuffed Animal Battle" */;
			buildPhases = (
				C81A26691924F6C400FAC5A0 /* Sources */,
				C81A266A1924F6C400FAC5A0 /* Frameworks */,
				C81A266B1924F6C400FAC5A0 /* Resources */,
			);
			buildRules = (
			);
			dependencies = (
			);
			name = "Stuffed Animal Battle";
			productName = "Stuffed Animal Battle";
			productReference = C81A266D1924F6C400FAC5A0 /* Stuffed Animal Battle.app */;
			productType = "com.apple.product-type.application";
		};
		C81A26871924F6C400FAC5A0 /* Stuffed Animal BattleTests */ = {
			isa = PBXNativeTarget;
			buildConfigurationList = C81A269C1924F6C400FAC5A0 /* Build configuration list for PBXNativeTarget "Stuffed Animal BattleTests" */;
			buildPhases = (
				C81A26841924F6C400FAC5A0 /* Sources */,
				C81A26851924F6C400FAC5A0 /* Frameworks */,
				C81A26861924F6C400FAC5A0 /* Resources */,
			);
			buildRules = (
			);
			dependencies = (
				C81A268E1924F6C400FAC5A0 /* PBXTargetDependency */,
			);
			name = "Stuffed Animal BattleTests";
			productName = "Stuffed Animal BattleTests";
			productReference = C81A26881924F6C400FAC5A0 /* Stuffed Animal BattleTests.xctest */;
			productType = "com.apple.product-type.bundle.unit-test";
		};
/* End PBXNativeTarget section */

/* Begin PBXProject section */
		C81A26651924F6C400FAC5A0 /* Project object */ = {
			isa = PBXProject;
			attributes = {
				CLASSPREFIX = SAB;
				LastUpgradeCheck = 0510;
				ORGANIZATIONNAME = "Austen Johnson";
				TargetAttributes = {
					C81A26871924F6C400FAC5A0 = {
						TestTargetID = C81A266C1924F6C400FAC5A0;
					};
				};
			};
			buildConfigurationList = C81A26681924F6C400FAC5A0 /* Build configuration list for PBXProject "Stuffed Animal Battle" */;
			compatibilityVersion = "Xcode 3.2";
			developmentRegion = English;
			hasScannedForEncodings = 0;
			knownRegions = (
				en,
			);
			mainGroup = C81A26641924F6C400FAC5A0;
			productRefGroup = C81A266E1924F6C400FAC5A0 /* Products */;
			projectDirPath = "";
			projectRoot = "";
			targets = (
				C81A266C1924F6C400FAC5A0 /* Stuffed Animal Battle */,
				C81A26871924F6C400FAC5A0 /* Stuffed Animal BattleTests */,
			);
		};
/* End PBXProject section */

/* Begin PBXResourcesBuildPhase section */
		C81A266B1924F6C400FAC5A0 /* Resources */ = {
			isa = PBXResourcesBuildPhase;
			buildActionMask = 2147483647;
			files = (
				C81A26AC1925958B00FAC5A0 /* megaman.png in Resources */,
				C81A267B1924F6C400FAC5A0 /* InfoPlist.strings in Resources */,
				C81A26AA1925403D00FAC5A0 /* MyParticleFire.sks in Resources */,
				C81A26BA1926598100FAC5A0 /* char.atlas in Resources */,
				C81A26A819253EFA00FAC5A0 /* spark.png in Resources */,
				C81A26A719253EFA00FAC5A0 /* MyParticle.sks in Resources */,
				C81A26B019263F0600FAC5A0 /* drwily.png in Resources */,
				C81A26831924F6C400FAC5A0 /* Images.xcassets in Resources */,
			);
			runOnlyForDeploymentPostprocessing = 0;
		};
		C81A26861924F6C400FAC5A0 /* Resources */ = {
			isa = PBXResourcesBuildPhase;
			buildActionMask = 2147483647;
			files = (
				C81A26941924F6C400FAC5A0 /* InfoPlist.strings in Resources */,
			);
			runOnlyForDeploymentPostprocessing = 0;
		};
/* End PBXResourcesBuildPhase section */

/* Begin PBXSourcesBuildPhase section */
		C81A26691924F6C400FAC5A0 /* Sources */ = {
			isa = PBXSourcesBuildPhase;
			buildActionMask = 2147483647;
			files = (
				C81A267D1924F6C400FAC5A0 /* main.m in Sources */,
				C81A26811924F6C400FAC5A0 /* SABAppDelegate.m in Sources */,
				C81A26A11924F6EB00FAC5A0 /* SABRootViewController.m in Sources */,
				C81A26A41924FBE100FAC5A0 /* SABGameScene.m in Sources */,
			);
			runOnlyForDeploymentPostprocessing = 0;
		};
		C81A26841924F6C400FAC5A0 /* Sources */ = {
			isa = PBXSourcesBuildPhase;
			buildActionMask = 2147483647;
			files = (
				C81A26961924F6C400FAC5A0 /* Stuffed_Animal_BattleTests.m in Sources */,
			);
			runOnlyForDeploymentPostprocessing = 0;
		};
/* End PBXSourcesBuildPhase section */

/* Begin PBXTargetDependency section */
		C81A268E1924F6C400FAC5A0 /* PBXTargetDependency */ = {
			isa = PBXTargetDependency;
			target = C81A266C1924F6C400FAC5A0 /* Stuffed Animal Battle */;
			targetProxy = C81A268D1924F6C400FAC5A0 /* PBXContainerItemProxy */;
		};
/* End PBXTargetDependency section */

/* Begin PBXVariantGroup section */
		C81A26791924F6C400FAC5A0 /* InfoPlist.strings */ = {
			isa = PBXVariantGroup;
			children = (
				C81A267A1924F6C400FAC5A0 /* en */,
			);
			name = InfoPlist.strings;
			sourceTree = "<group>";
		};
		C81A26921924F6C400FAC5A0 /* InfoPlist.strings */ = {
			isa = PBXVariantGroup;
			children = (
				C81A26931924F6C400FAC5A0 /* en */,
			);
			name = InfoPlist.strings;
			sourceTree = "<group>";
		};
/* End PBXVariantGroup section */

/* Begin XCBuildConfiguration section */
		C81A26971924F6C400FAC5A0 /* Debug */ = {
			isa = XCBuildConfiguration;
			buildSettings = {
				ALWAYS_SEARCH_USER_PATHS = NO;
				CLANG_CXX_LANGUAGE_STANDARD = "gnu++0x";
				CLANG_CXX_LIBRARY = "libc++";
				CLANG_ENABLE_MODULES = YES;
				CLANG_ENABLE_OBJC_ARC = YES;
				CLANG_WARN_BOOL_CONVERSION = YES;
				CLANG_WARN_CONSTANT_CONVERSION = YES;
				CLANG_WARN_DIRECT_OBJC_ISA_USAGE = YES_ERROR;
				CLANG_WARN_EMPTY_BODY = YES;
				CLANG_WARN_ENUM_CONVERSION = YES;
				CLANG_WARN_INT_CONVERSION = YES;
				CLANG_WARN_OBJC_ROOT_CLASS = YES_ERROR;
				CLANG_WARN__DUPLICATE_METHOD_MATCH = YES;
				"CODE_SIGN_IDENTITY[sdk=iphoneos*]" = "iPhone Developer";
				COPY_PHASE_STRIP = NO;
				GCC_C_LANGUAGE_STANDARD = gnu99;
				GCC_DYNAMIC_NO_PIC = NO;
				GCC_OPTIMIZATION_LEVEL = 0;
				GCC_PREPROCESSOR_DEFINITIONS = (
					"DEBUG=1",
					"$(inherited)",
				);
				GCC_SYMBOLS_PRIVATE_EXTERN = NO;
				GCC_WARN_64_TO_32_BIT_CONVERSION = YES;
				GCC_WARN_ABOUT_RETURN_TYPE = YES_ERROR;
				GCC_WARN_UNDECLARED_SELECTOR = YES;
				GCC_WARN_UNINITIALIZED_AUTOS = YES_AGGRESSIVE;
				GCC_WARN_UNUSED_FUNCTION = YES;
				GCC_WARN_UNUSED_VARIABLE = YES;
				IPHONEOS_DEPLOYMENT_TARGET = 7.1;
				ONLY_ACTIVE_ARCH = YES;
				SDKROOT = iphoneos;
				SPRITEKIT_TEXTURE_ATLAS_OUTPUT = YES;
			};
			name = Debug;
		};
		C81A26981924F6C400FAC5A0 /* Release */ = {
			isa = XCBuildConfiguration;
			buildSettings = {
				ALWAYS_SEARCH_USER_PATHS = NO;
				CLANG_CXX_LANGUAGE_STANDARD = "gnu++0x";
				CLANG_CXX_LIBRARY = "libc++";
				CLANG_ENABLE_MODULES = YES;
				CLANG_ENABLE_OBJC_ARC = YES;
				CLANG_WARN_BOOL_CONVERSION = YES;
				CLANG_WARN_CONSTANT_CONVERSION = YES;
				CLANG_WARN_DIRECT_OBJC_ISA_USAGE = YES_ERROR;
				CLANG_WARN_EMPTY_BODY = YES;
				CLANG_WARN_ENUM_CONVERSION = YES;
				CLANG_WARN_INT_CONVERSION = YES;
				CLANG_WARN_OBJC_ROOT_CLASS = YES_ERROR;
				CLANG_WARN__DUPLICATE_METHOD_MATCH = YES;
				"CODE_SIGN_IDENTITY[sdk=iphoneos*]" = "iPhone Developer";
				COPY_PHASE_STRIP = YES;
				ENABLE_NS_ASSERTIONS = NO;
				GCC_C_LANGUAGE_STANDARD = gnu99;
				GCC_WARN_64_TO_32_BIT_CONVERSION = YES;
				GCC_WARN_ABOUT_RETURN_TYPE = YES_ERROR;
				GCC_WARN_UNDECLARED_SELECTOR = YES;
				GCC_WARN_UNINITIALIZED_AUTOS = YES_AGGRESSIVE;
				GCC_WARN_UNUSED_FUNCTION = YES;
				GCC_WARN_UNUSED_VARIABLE = YES;
				IPHONEOS_DEPLOYMENT_TARGET = 7.1;
				SDKROOT = iphoneos;
				SPRITEKIT_TEXTURE_ATLAS_OUTPUT = YES;
				VALIDATE_PRODUCT = YES;
			};
			name = Release;
		};
		C81A269A1924F6C400FAC5A0 /* Debug */ = {
			isa = XCBuildConfiguration;
			buildSettings = {
				ASSETCATALOG_COMPILER_APPICON_NAME = AppIcon;
				ASSETCATALOG_COMPILER_LAUNCHIMAGE_NAME = LaunchImage;
				GCC_PRECOMPILE_PREFIX_HEADER = YES;
				GCC_PREFIX_HEADER = "Stuffed Animal Battle/Stuffed Animal Battle-Prefix.pch";
				INFOPLIST_FILE = "Stuffed Animal Battle/Stuffed Animal Battle-Info.plist";
				IPHONEOS_DEPLOYMENT_TARGET = 7.1;
				PRODUCT_NAME = "$(TARGET_NAME)";
				TARGETED_DEVICE_FAMILY = "1,2";
				WRAPPER_EXTENSION = app;
			};
			name = Debug;
		};
		C81A269B1924F6C400FAC5A0 /* Release */ = {
			isa = XCBuildConfiguration;
			buildSettings = {
				ASSETCATALOG_COMPILER_APPICON_NAME = AppIcon;
				ASSETCATALOG_COMPILER_LAUNCHIMAGE_NAME = LaunchImage;
				GCC_PRECOMPILE_PREFIX_HEADER = YES;
				GCC_PREFIX_HEADER = "Stuffed Animal Battle/Stuffed Animal Battle-Prefix.pch";
				INFOPLIST_FILE = "Stuffed Animal Battle/Stuffed Animal Battle-Info.plist";
				IPHONEOS_DEPLOYMENT_TARGET = 7.1;
				PRODUCT_NAME = "$(TARGET_NAME)";
				TARGETED_DEVICE_FAMILY = "1,2";
				WRAPPER_EXTENSION = app;
			};
			name = Release;
		};
		C81A269D1924F6C400FAC5A0 /* Debug */ = {
			isa = XCBuildConfiguration;
			buildSettings = {
				BUNDLE_LOADER = "$(BUILT_PRODUCTS_DIR)/Stuffed Animal Battle.app/Stuffed Animal Battle";
				FRAMEWORK_SEARCH_PATHS = (
					"$(SDKROOT)/Developer/Library/Frameworks",
					"$(inherited)",
					"$(DEVELOPER_FRAMEWORKS_DIR)",
				);
				GCC_PRECOMPILE_PREFIX_HEADER = YES;
				GCC_PREFIX_HEADER = "Stuffed Animal Battle/Stuffed Animal Battle-Prefix.pch";
				GCC_PREPROCESSOR_DEFINITIONS = (
					"DEBUG=1",
					"$(inherited)",
				);
				INFOPLIST_FILE = "Stuffed Animal BattleTests/Stuffed Animal BattleTests-Info.plist";
				PRODUCT_NAME = "$(TARGET_NAME)";
				TEST_HOST = "$(BUNDLE_LOADER)";
				WRAPPER_EXTENSION = xctest;
			};
			name = Debug;
		};
		C81A269E1924F6C400FAC5A0 /* Release */ = {
			isa = XCBuildConfiguration;
			buildSettings = {
				BUNDLE_LOADER = "$(BUILT_PRODUCTS_DIR)/Stuffed Animal Battle.app/Stuffed Animal Battle";
				FRAMEWORK_SEARCH_PATHS = (
					"$(SDKROOT)/Developer/Library/Frameworks",
					"$(inherited)",
					"$(DEVELOPER_FRAMEWORKS_DIR)",
				);
				GCC_PRECOMPILE_PREFIX_HEADER = YES;
				GCC_PREFIX_HEADER = "Stuffed Animal Battle/Stuffed Animal Battle-Prefix.pch";
				INFOPLIST_FILE = "Stuffed Animal BattleTests/Stuffed Animal BattleTests-Info.plist";
				PRODUCT_NAME = "$(TARGET_NAME)";
				TEST_HOST = "$(BUNDLE_LOADER)";
				WRAPPER_EXTENSION = xctest;
			};
			name = Release;
		};
/* End XCBuildConfiguration section */

/* Begin XCConfigurationList section */
		C81A26681924F6C400FAC5A0 /* Build configuration list for PBXProject "Stuffed Animal Battle" */ = {
			isa = XCConfigurationList;
			buildConfigurations = (
				C81A26971924F6C400FAC5A0 /* Debug */,
				C81A26981924F6C400FAC5A0 /* Release */,
			);
			defaultConfigurationIsVisible = 0;
			defaultConfigurationName = Release;
		};
		C81A26991924F6C400FAC5A0 /* Build configuration list for PBXNativeTarget "Stuffed Animal Battle" */ = {
			isa = XCConfigurationList;
			buildConfigurations = (
				C81A269A1924F6C400FAC5A0 /* Debug */,
				C81A269B1924F6C400FAC5A0 /* Release */,
			);
			defaultConfigurationIsVisible = 0;
			defaultConfigurationName = Release;
		};
		C81A269C1924F6C400FAC5A0 /* Build configuration list for PBXNativeTarget "Stuffed Animal BattleTests" */ = {
			isa = XCConfigurationList;
			buildConfigurations = (
				C81A269D1924F6C400FAC5A0 /* Debug */,
				C81A269E1924F6C400FAC5A0 /* Release */,
			);
			defaultConfigurationIsVisible = 0;
			defaultConfigurationName = Release;
		};
/* End XCConfigurationList section */
	};
	rootObject = C81A26651924F6C400FAC5A0 /* Project object */;
}
