// !$*UTF8*$!
{
	archiveVersion = 1;
	classes = {
	};
	objectVersion = 46;
	objects = {

/* Begin PBXBuildFile section */
		C8B18F731938BB7B00546074 /* Foundation.framework in Frameworks */ = {isa = PBXBuildFile; fileRef = C8B18F721938BB7B00546074 /* Foundation.framework */; };
		C8B18F751938BB7B00546074 /* CoreGraphics.framework in Frameworks */ = {isa = PBXBuildFile; fileRef = C8B18F741938BB7B00546074 /* CoreGraphics.framework */; };
		C8B18F771938BB7B00546074 /* UIKit.framework in Frameworks */ = {isa = PBXBuildFile; fileRef = C8B18F761938BB7B00546074 /* UIKit.framework */; };
		C8B18F7D1938BB7B00546074 /* InfoPlist.strings in Resources */ = {isa = PBXBuildFile; fileRef = C8B18F7B1938BB7B00546074 /* InfoPlist.strings */; };
		C8B18F7F1938BB7B00546074 /* main.m in Sources */ = {isa = PBXBuildFile; fileRef = C8B18F7E1938BB7B00546074 /* main.m */; };
		C8B18F831938BB7B00546074 /* GLAAppDelegate.m in Sources */ = {isa = PBXBuildFile; fileRef = C8B18F821938BB7B00546074 /* GLAAppDelegate.m */; };
		C8B18F861938BB7B00546074 /* Main.storyboard in Resources */ = {isa = PBXBuildFile; fileRef = C8B18F841938BB7B00546074 /* Main.storyboard */; };
		C8B18F891938BB7B00546074 /* GLAViewController.m in Sources */ = {isa = PBXBuildFile; fileRef = C8B18F881938BB7B00546074 /* GLAViewController.m */; };
		C8B18F8B1938BB7B00546074 /* Images.xcassets in Resources */ = {isa = PBXBuildFile; fileRef = C8B18F8A1938BB7B00546074 /* Images.xcassets */; };
		C8B18F921938BB7B00546074 /* XCTest.framework in Frameworks */ = {isa = PBXBuildFile; fileRef = C8B18F911938BB7B00546074 /* XCTest.framework */; };
		C8B18F931938BB7B00546074 /* Foundation.framework in Frameworks */ = {isa = PBXBuildFile; fileRef = C8B18F721938BB7B00546074 /* Foundation.framework */; };
		C8B18F941938BB7B00546074 /* UIKit.framework in Frameworks */ = {isa = PBXBuildFile; fileRef = C8B18F761938BB7B00546074 /* UIKit.framework */; };
		C8B18F9C1938BB7B00546074 /* InfoPlist.strings in Resources */ = {isa = PBXBuildFile; fileRef = C8B18F9A1938BB7B00546074 /* InfoPlist.strings */; };
		C8B18F9E1938BB7B00546074 /* GridLayoutTests.m in Sources */ = {isa = PBXBuildFile; fileRef = C8B18F9D1938BB7B00546074 /* GridLayoutTests.m */; };
		C8B18FA91938BC1300546074 /* GLACollectionViewController.m in Sources */ = {isa = PBXBuildFile; fileRef = C8B18FA81938BC1300546074 /* GLACollectionViewController.m */; };
/* End PBXBuildFile section */

/* Begin PBXContainerItemProxy section */
		C8B18F951938BB7B00546074 /* PBXContainerItemProxy */ = {
			isa = PBXContainerItemProxy;
			containerPortal = C8B18F671938BB7B00546074 /* Project object */;
			proxyType = 1;
			remoteGlobalIDString = C8B18F6E1938BB7B00546074;
			remoteInfo = GridLayout;
		};
/* End PBXContainerItemProxy section */

/* Begin PBXFileReference section */
		C8B18F6F1938BB7B00546074 /* GridLayout.app */ = {isa = PBXFileReference; explicitFileType = wrapper.application; includeInIndex = 0; path = GridLayout.app; sourceTree = BUILT_PRODUCTS_DIR; };
		C8B18F721938BB7B00546074 /* Foundation.framework */ = {isa = PBXFileReference; lastKnownFileType = wrapper.framework; name = Foundation.framework; path = System/Library/Frameworks/Foundation.framework; sourceTree = SDKROOT; };
		C8B18F741938BB7B00546074 /* CoreGraphics.framework */ = {isa = PBXFileReference; lastKnownFileType = wrapper.framework; name = CoreGraphics.framework; path = System/Library/Frameworks/CoreGraphics.framework; sourceTree = SDKROOT; };
		C8B18F761938BB7B00546074 /* UIKit.framework */ = {isa = PBXFileReference; lastKnownFileType = wrapper.framework; name = UIKit.framework; path = System/Library/Frameworks/UIKit.framework; sourceTree = SDKROOT; };
		C8B18F7A1938BB7B00546074 /* GridLayout-Info.plist */ = {isa = PBXFileReference; lastKnownFileType = text.plist.xml; path = "GridLayout-Info.plist"; sourceTree = "<group>"; };
		C8B18F7C1938BB7B00546074 /* en */ = {isa = PBXFileReference; lastKnownFileType = text.plist.strings; name = en; path = en.lproj/InfoPlist.strings; sourceTree = "<group>"; };
		C8B18F7E1938BB7B00546074 /* main.m */ = {isa = PBXFileReference; lastKnownFileType = sourcecode.c.objc; path = main.m; sourceTree = "<group>"; };
		C8B18F801938BB7B00546074 /* GridLayout-Prefix.pch */ = {isa = PBXFileReference; lastKnownFileType = sourcecode.c.h; path = "GridLayout-Prefix.pch"; sourceTree = "<group>"; };
		C8B18F811938BB7B00546074 /* GLAAppDelegate.h */ = {isa = PBXFileReference; lastKnownFileType = sourcecode.c.h; path = GLAAppDelegate.h; sourceTree = "<group>"; };
		C8B18F821938BB7B00546074 /* GLAAppDelegate.m */ = {isa = PBXFileReference; lastKnownFileType = sourcecode.c.objc; path = GLAAppDelegate.m; sourceTree = "<group>"; };
		C8B18F851938BB7B00546074 /* Base */ = {isa = PBXFileReference; lastKnownFileType = file.storyboard; name = Base; path = Base.lproj/Main.storyboard; sourceTree = "<group>"; };
		C8B18F871938BB7B00546074 /* GLAViewController.h */ = {isa = PBXFileReference; lastKnownFileType = sourcecode.c.h; path = GLAViewController.h; sourceTree = "<group>"; };
		C8B18F881938BB7B00546074 /* GLAViewController.m */ = {isa = PBXFileReference; lastKnownFileType = sourcecode.c.objc; path = GLAViewController.m; sourceTree = "<group>"; };
		C8B18F8A1938BB7B00546074 /* Images.xcassets */ = {isa = PBXFileReference; lastKnownFileType = folder.assetcatalog; path = Images.xcassets; sourceTree = "<group>"; };
		C8B18F901938BB7B00546074 /* GridLayoutTests.xctest */ = {isa = PBXFileReference; explicitFileType = wrapper.cfbundle; includeInIndex = 0; path = GridLayoutTests.xctest; sourceTree = BUILT_PRODUCTS_DIR; };
		C8B18F911938BB7B00546074 /* XCTest.framework */ = {isa = PBXFileReference; lastKnownFileType = wrapper.framework; name = XCTest.framework; path = Library/Frameworks/XCTest.framework; sourceTree = DEVELOPER_DIR; };
		C8B18F991938BB7B00546074 /* GridLayoutTests-Info.plist */ = {isa = PBXFileReference; lastKnownFileType = text.plist.xml; path = "GridLayoutTests-Info.plist"; sourceTree = "<group>"; };
		C8B18F9B1938BB7B00546074 /* en */ = {isa = PBXFileReference; lastKnownFileType = text.plist.strings; name = en; path = en.lproj/InfoPlist.strings; sourceTree = "<group>"; };
		C8B18F9D1938BB7B00546074 /* GridLayoutTests.m */ = {isa = PBXFileReference; lastKnownFileType = sourcecode.c.objc; path = GridLayoutTests.m; sourceTree = "<group>"; };
		C8B18FA71938BC1300546074 /* GLACollectionViewController.h */ = {isa = PBXFileReference; fileEncoding = 4; lastKnownFileType = sourcecode.c.h; path = GLACollectionViewController.h; sourceTree = "<group>"; };
		C8B18FA81938BC1300546074 /* GLACollectionViewController.m */ = {isa = PBXFileReference; fileEncoding = 4; lastKnownFileType = sourcecode.c.objc; path = GLACollectionViewController.m; sourceTree = "<group>"; };
/* End PBXFileReference section */

/* Begin PBXFrameworksBuildPhase section */
		C8B18F6C1938BB7B00546074 /* Frameworks */ = {
			isa = PBXFrameworksBuildPhase;
			buildActionMask = 2147483647;
			files = (
				C8B18F751938BB7B00546074 /* CoreGraphics.framework in Frameworks */,
				C8B18F771938BB7B00546074 /* UIKit.framework in Frameworks */,
				C8B18F731938BB7B00546074 /* Foundation.framework in Frameworks */,
			);
			runOnlyForDeploymentPostprocessing = 0;
		};
		C8B18F8D1938BB7B00546074 /* Frameworks */ = {
			isa = PBXFrameworksBuildPhase;
			buildActionMask = 2147483647;
			files = (
				C8B18F921938BB7B00546074 /* XCTest.framework in Frameworks */,
				C8B18F941938BB7B00546074 /* UIKit.framework in Frameworks */,
				C8B18F931938BB7B00546074 /* Foundation.framework in Frameworks */,
			);
			runOnlyForDeploymentPostprocessing = 0;
		};
/* End PBXFrameworksBuildPhase section */

/* Begin PBXGroup section */
		C8B18F661938BB7B00546074 = {
			isa = PBXGroup;
			children = (
				C8B18FA71938BC1300546074 /* GLACollectionViewController.h */,
				C8B18FA81938BC1300546074 /* GLACollectionViewController.m */,
				C8B18F781938BB7B00546074 /* GridLayout */,
				C8B18F971938BB7B00546074 /* GridLayoutTests */,
				C8B18F711938BB7B00546074 /* Frameworks */,
				C8B18F701938BB7B00546074 /* Products */,
			);
			sourceTree = "<group>";
		};
		C8B18F701938BB7B00546074 /* Products */ = {
			isa = PBXGroup;
			children = (
				C8B18F6F1938BB7B00546074 /* GridLayout.app */,
				C8B18F901938BB7B00546074 /* GridLayoutTests.xctest */,
			);
			name = Products;
			sourceTree = "<group>";
		};
		C8B18F711938BB7B00546074 /* Frameworks */ = {
			isa = PBXGroup;
			children = (
				C8B18F721938BB7B00546074 /* Foundation.framework */,
				C8B18F741938BB7B00546074 /* CoreGraphics.framework */,
				C8B18F761938BB7B00546074 /* UIKit.framework */,
				C8B18F911938BB7B00546074 /* XCTest.framework */,
			);
			name = Frameworks;
			sourceTree = "<group>";
		};
		C8B18F781938BB7B00546074 /* GridLayout */ = {
			isa = PBXGroup;
			children = (
				C8B18F811938BB7B00546074 /* GLAAppDelegate.h */,
				C8B18F821938BB7B00546074 /* GLAAppDelegate.m */,
				C8B18F841938BB7B00546074 /* Main.storyboard */,
				C8B18F871938BB7B00546074 /* GLAViewController.h */,
				C8B18F881938BB7B00546074 /* GLAViewController.m */,
				C8B18F8A1938BB7B00546074 /* Images.xcassets */,
				C8B18F791938BB7B00546074 /* Supporting Files */,
			);
			path = GridLayout;
			sourceTree = "<group>";
		};
		C8B18F791938BB7B00546074 /* Supporting Files */ = {
			isa = PBXGroup;
			children = (
				C8B18F7A1938BB7B00546074 /* GridLayout-Info.plist */,
				C8B18F7B1938BB7B00546074 /* InfoPlist.strings */,
				C8B18F7E1938BB7B00546074 /* main.m */,
				C8B18F801938BB7B00546074 /* GridLayout-Prefix.pch */,
			);
			name = "Supporting Files";
			sourceTree = "<group>";
		};
		C8B18F971938BB7B00546074 /* GridLayoutTests */ = {
			isa = PBXGroup;
			children = (
				C8B18F9D1938BB7B00546074 /* GridLayoutTests.m */,
				C8B18F981938BB7B00546074 /* Supporting Files */,
			);
			path = GridLayoutTests;
			sourceTree = "<group>";
		};
		C8B18F981938BB7B00546074 /* Supporting Files */ = {
			isa = PBXGroup;
			children = (
				C8B18F991938BB7B00546074 /* GridLayoutTests-Info.plist */,
				C8B18F9A1938BB7B00546074 /* InfoPlist.strings */,
			);
			name = "Supporting Files";
			sourceTree = "<group>";
		};
/* End PBXGroup section */

/* Begin PBXNativeTarget section */
		C8B18F6E1938BB7B00546074 /* GridLayout */ = {
			isa = PBXNativeTarget;
			buildConfigurationList = C8B18FA11938BB7B00546074 /* Build configuration list for PBXNativeTarget "GridLayout" */;
			buildPhases = (
				C8B18F6B1938BB7B00546074 /* Sources */,
				C8B18F6C1938BB7B00546074 /* Frameworks */,
				C8B18F6D1938BB7B00546074 /* Resources */,
			);
			buildRules = (
			);
			dependencies = (
			);
			name = GridLayout;
			productName = GridLayout;
			productReference = C8B18F6F1938BB7B00546074 /* GridLayout.app */;
			productType = "com.apple.product-type.application";
		};
		C8B18F8F1938BB7B00546074 /* GridLayoutTests */ = {
			isa = PBXNativeTarget;
			buildConfigurationList = C8B18FA41938BB7B00546074 /* Build configuration list for PBXNativeTarget "GridLayoutTests" */;
			buildPhases = (
				C8B18F8C1938BB7B00546074 /* Sources */,
				C8B18F8D1938BB7B00546074 /* Frameworks */,
				C8B18F8E1938BB7B00546074 /* Resources */,
			);
			buildRules = (
			);
			dependencies = (
				C8B18F961938BB7B00546074 /* PBXTargetDependency */,
			);
			name = GridLayoutTests;
			productName = GridLayoutTests;
			productReference = C8B18F901938BB7B00546074 /* GridLayoutTests.xctest */;
			productType = "com.apple.product-type.bundle.unit-test";
		};
/* End PBXNativeTarget section */

/* Begin PBXProject section */
		C8B18F671938BB7B00546074 /* Project object */ = {
			isa = PBXProject;
			attributes = {
				CLASSPREFIX = GLA;
				LastUpgradeCheck = 0510;
				ORGANIZATIONNAME = "Austen Johnson";
				TargetAttributes = {
					C8B18F8F1938BB7B00546074 = {
						TestTargetID = C8B18F6E1938BB7B00546074;
					};
				};
			};
			buildConfigurationList = C8B18F6A1938BB7B00546074 /* Build configuration list for PBXProject "GridLayout" */;
			compatibilityVersion = "Xcode 3.2";
			developmentRegion = English;
			hasScannedForEncodings = 0;
			knownRegions = (
				en,
				Base,
			);
			mainGroup = C8B18F661938BB7B00546074;
			productRefGroup = C8B18F701938BB7B00546074 /* Products */;
			projectDirPath = "";
			projectRoot = "";
			targets = (
				C8B18F6E1938BB7B00546074 /* GridLayout */,
				C8B18F8F1938BB7B00546074 /* GridLayoutTests */,
			);
		};
/* End PBXProject section */

/* Begin PBXResourcesBuildPhase section */
		C8B18F6D1938BB7B00546074 /* Resources */ = {
			isa = PBXResourcesBuildPhase;
			buildActionMask = 2147483647;
			files = (
				C8B18F8B1938BB7B00546074 /* Images.xcassets in Resources */,
				C8B18F7D1938BB7B00546074 /* InfoPlist.strings in Resources */,
				C8B18F861938BB7B00546074 /* Main.storyboard in Resources */,
			);
			runOnlyForDeploymentPostprocessing = 0;
		};
		C8B18F8E1938BB7B00546074 /* Resources */ = {
			isa = PBXResourcesBuildPhase;
			buildActionMask = 2147483647;
			files = (
				C8B18F9C1938BB7B00546074 /* InfoPlist.strings in Resources */,
			);
			runOnlyForDeploymentPostprocessing = 0;
		};
/* End PBXResourcesBuildPhase section */

/* Begin PBXSourcesBuildPhase section */
		C8B18F6B1938BB7B00546074 /* Sources */ = {
			isa = PBXSourcesBuildPhase;
			buildActionMask = 2147483647;
			files = (
				C8B18F7F1938BB7B00546074 /* main.m in Sources */,
				C8B18F831938BB7B00546074 /* GLAAppDelegate.m in Sources */,
				C8B18F891938BB7B00546074 /* GLAViewController.m in Sources */,
				C8B18FA91938BC1300546074 /* GLACollectionViewController.m in Sources */,
			);
			runOnlyForDeploymentPostprocessing = 0;
		};
		C8B18F8C1938BB7B00546074 /* Sources */ = {
			isa = PBXSourcesBuildPhase;
			buildActionMask = 2147483647;
			files = (
				C8B18F9E1938BB7B00546074 /* GridLayoutTests.m in Sources */,
			);
			runOnlyForDeploymentPostprocessing = 0;
		};
/* End PBXSourcesBuildPhase section */

/* Begin PBXTargetDependency section */
		C8B18F961938BB7B00546074 /* PBXTargetDependency */ = {
			isa = PBXTargetDependency;
			target = C8B18F6E1938BB7B00546074 /* GridLayout */;
			targetProxy = C8B18F951938BB7B00546074 /* PBXContainerItemProxy */;
		};
/* End PBXTargetDependency section */

/* Begin PBXVariantGroup section */
		C8B18F7B1938BB7B00546074 /* InfoPlist.strings */ = {
			isa = PBXVariantGroup;
			children = (
				C8B18F7C1938BB7B00546074 /* en */,
			);
			name = InfoPlist.strings;
			sourceTree = "<group>";
		};
		C8B18F841938BB7B00546074 /* Main.storyboard */ = {
			isa = PBXVariantGroup;
			children = (
				C8B18F851938BB7B00546074 /* Base */,
			);
			name = Main.storyboard;
			sourceTree = "<group>";
		};
		C8B18F9A1938BB7B00546074 /* InfoPlist.strings */ = {
			isa = PBXVariantGroup;
			children = (
				C8B18F9B1938BB7B00546074 /* en */,
			);
			name = InfoPlist.strings;
			sourceTree = "<group>";
		};
/* End PBXVariantGroup section */

/* Begin XCBuildConfiguration section */
		C8B18F9F1938BB7B00546074 /* Debug */ = {
			isa = XCBuildConfiguration;
			buildSettings = {
				ALWAYS_SEARCH_USER_PATHS = NO;
				CLANG_CXX_LANGUAGE_STANDARD = "gnu++0x";
				CLANG_CXX_LIBRARY = "libc++";
				CLANG_ENABLE_MODULES = YES;
				CLANG_ENABLE_OBJC_ARC = YES;
				CLANG_WARN_BOOL_CONVERSION = YES;
				CLANG_WARN_CONSTANT_CONVERSION = YES;
				CLANG_WARN_DIRECT_OBJC_ISA_USAGE = YES_ERROR;
				CLANG_WARN_EMPTY_BODY = YES;
				CLANG_WARN_ENUM_CONVERSION = YES;
				CLANG_WARN_INT_CONVERSION = YES;
				CLANG_WARN_OBJC_ROOT_CLASS = YES_ERROR;
				CLANG_WARN__DUPLICATE_METHOD_MATCH = YES;
				"CODE_SIGN_IDENTITY[sdk=iphoneos*]" = "iPhone Developer";
				COPY_PHASE_STRIP = NO;
				GCC_C_LANGUAGE_STANDARD = gnu99;
				GCC_DYNAMIC_NO_PIC = NO;
				GCC_OPTIMIZATION_LEVEL = 0;
				GCC_PREPROCESSOR_DEFINITIONS = (
					"DEBUG=1",
					"$(inherited)",
				);
				GCC_SYMBOLS_PRIVATE_EXTERN = NO;
				GCC_WARN_64_TO_32_BIT_CONVERSION = YES;
				GCC_WARN_ABOUT_RETURN_TYPE = YES_ERROR;
				GCC_WARN_UNDECLARED_SELECTOR = YES;
				GCC_WARN_UNINITIALIZED_AUTOS = YES_AGGRESSIVE;
				GCC_WARN_UNUSED_FUNCTION = YES;
				GCC_WARN_UNUSED_VARIABLE = YES;
				IPHONEOS_DEPLOYMENT_TARGET = 7.1;
				ONLY_ACTIVE_ARCH = YES;
				SDKROOT = iphoneos;
			};
			name = Debug;
		};
		C8B18FA01938BB7B00546074 /* Release */ = {
			isa = XCBuildConfiguration;
			buildSettings = {
				ALWAYS_SEARCH_USER_PATHS = NO;
				CLANG_CXX_LANGUAGE_STANDARD = "gnu++0x";
				CLANG_CXX_LIBRARY = "libc++";
				CLANG_ENABLE_MODULES = YES;
				CLANG_ENABLE_OBJC_ARC = YES;
				CLANG_WARN_BOOL_CONVERSION = YES;
				CLANG_WARN_CONSTANT_CONVERSION = YES;
				CLANG_WARN_DIRECT_OBJC_ISA_USAGE = YES_ERROR;
				CLANG_WARN_EMPTY_BODY = YES;
				CLANG_WARN_ENUM_CONVERSION = YES;
				CLANG_WARN_INT_CONVERSION = YES;
				CLANG_WARN_OBJC_ROOT_CLASS = YES_ERROR;
				CLANG_WARN__DUPLICATE_METHOD_MATCH = YES;
				"CODE_SIGN_IDENTITY[sdk=iphoneos*]" = "iPhone Developer";
				COPY_PHASE_STRIP = YES;
				ENABLE_NS_ASSERTIONS = NO;
				GCC_C_LANGUAGE_STANDARD = gnu99;
				GCC_WARN_64_TO_32_BIT_CONVERSION = YES;
				GCC_WARN_ABOUT_RETURN_TYPE = YES_ERROR;
				GCC_WARN_UNDECLARED_SELECTOR = YES;
				GCC_WARN_UNINITIALIZED_AUTOS = YES_AGGRESSIVE;
				GCC_WARN_UNUSED_FUNCTION = YES;
				GCC_WARN_UNUSED_VARIABLE = YES;
				IPHONEOS_DEPLOYMENT_TARGET = 7.1;
				SDKROOT = iphoneos;
				VALIDATE_PRODUCT = YES;
			};
			name = Release;
		};
		C8B18FA21938BB7B00546074 /* Debug */ = {
			isa = XCBuildConfiguration;
			buildSettings = {
				ASSETCATALOG_COMPILER_APPICON_NAME = AppIcon;
				ASSETCATALOG_COMPILER_LAUNCHIMAGE_NAME = LaunchImage;
				GCC_PRECOMPILE_PREFIX_HEADER = YES;
				GCC_PREFIX_HEADER = "GridLayout/GridLayout-Prefix.pch";
				INFOPLIST_FILE = "GridLayout/GridLayout-Info.plist";
				PRODUCT_NAME = "$(TARGET_NAME)";
				WRAPPER_EXTENSION = app;
			};
			name = Debug;
		};
		C8B18FA31938BB7B00546074 /* Release */ = {
			isa = XCBuildConfiguration;
			buildSettings = {
				ASSETCATALOG_COMPILER_APPICON_NAME = AppIcon;
				ASSETCATALOG_COMPILER_LAUNCHIMAGE_NAME = LaunchImage;
				GCC_PRECOMPILE_PREFIX_HEADER = YES;
				GCC_PREFIX_HEADER = "GridLayout/GridLayout-Prefix.pch";
				INFOPLIST_FILE = "GridLayout/GridLayout-Info.plist";
				PRODUCT_NAME = "$(TARGET_NAME)";
				WRAPPER_EXTENSION = app;
			};
			name = Release;
		};
		C8B18FA51938BB7B00546074 /* Debug */ = {
			isa = XCBuildConfiguration;
			buildSettings = {
				BUNDLE_LOADER = "$(BUILT_PRODUCTS_DIR)/GridLayout.app/GridLayout";
				FRAMEWORK_SEARCH_PATHS = (
					"$(SDKROOT)/Developer/Library/Frameworks",
					"$(inherited)",
					"$(DEVELOPER_FRAMEWORKS_DIR)",
				);
				GCC_PRECOMPILE_PREFIX_HEADER = YES;
				GCC_PREFIX_HEADER = "GridLayout/GridLayout-Prefix.pch";
				GCC_PREPROCESSOR_DEFINITIONS = (
					"DEBUG=1",
					"$(inherited)",
				);
				INFOPLIST_FILE = "GridLayoutTests/GridLayoutTests-Info.plist";
				PRODUCT_NAME = "$(TARGET_NAME)";
				TEST_HOST = "$(BUNDLE_LOADER)";
				WRAPPER_EXTENSION = xctest;
			};
			name = Debug;
		};
		C8B18FA61938BB7B00546074 /* Release */ = {
			isa = XCBuildConfiguration;
			buildSettings = {
				BUNDLE_LOADER = "$(BUILT_PRODUCTS_DIR)/GridLayout.app/GridLayout";
				FRAMEWORK_SEARCH_PATHS = (
					"$(SDKROOT)/Developer/Library/Frameworks",
					"$(inherited)",
					"$(DEVELOPER_FRAMEWORKS_DIR)",
				);
				GCC_PRECOMPILE_PREFIX_HEADER = YES;
				GCC_PREFIX_HEADER = "GridLayout/GridLayout-Prefix.pch";
				INFOPLIST_FILE = "GridLayoutTests/GridLayoutTests-Info.plist";
				PRODUCT_NAME = "$(TARGET_NAME)";
				TEST_HOST = "$(BUNDLE_LOADER)";
				WRAPPER_EXTENSION = xctest;
			};
			name = Release;
		};
/* End XCBuildConfiguration section */

/* Begin XCConfigurationList section */
		C8B18F6A1938BB7B00546074 /* Build configuration list for PBXProject "GridLayout" */ = {
			isa = XCConfigurationList;
			buildConfigurations = (
				C8B18F9F1938BB7B00546074 /* Debug */,
				C8B18FA01938BB7B00546074 /* Release */,
			);
			defaultConfigurationIsVisible = 0;
			defaultConfigurationName = Release;
		};
		C8B18FA11938BB7B00546074 /* Build configuration list for PBXNativeTarget "GridLayout" */ = {
			isa = XCConfigurationList;
			buildConfigurations = (
				C8B18FA21938BB7B00546074 /* Debug */,
				C8B18FA31938BB7B00546074 /* Release */,
			);
			defaultConfigurationIsVisible = 0;
		};
		C8B18FA41938BB7B00546074 /* Build configuration list for PBXNativeTarget "GridLayoutTests" */ = {
			isa = XCConfigurationList;
			buildConfigurations = (
				C8B18FA51938BB7B00546074 /* Debug */,
				C8B18FA61938BB7B00546074 /* Release */,
			);
			defaultConfigurationIsVisible = 0;
		};
/* End XCConfigurationList section */
	};
	rootObject = C8B18F671938BB7B00546074 /* Project object */;
}
