// !$*UTF8*$!
{
	archiveVersion = 1;
	classes = {
	};
	objectVersion = 46;
	objects = {

/* Begin PBXBuildFile section */
		C81A25AA1923BE5200FAC5A0 /* Foundation.framework in Frameworks */ = {isa = PBXBuildFile; fileRef = C81A25A91923BE5200FAC5A0 /* Foundation.framework */; };
		C81A25AC1923BE5200FAC5A0 /* CoreGraphics.framework in Frameworks */ = {isa = PBXBuildFile; fileRef = C81A25AB1923BE5200FAC5A0 /* CoreGraphics.framework */; };
		C81A25AE1923BE5200FAC5A0 /* UIKit.framework in Frameworks */ = {isa = PBXBuildFile; fileRef = C81A25AD1923BE5200FAC5A0 /* UIKit.framework */; };
		C81A25B41923BE5200FAC5A0 /* InfoPlist.strings in Resources */ = {isa = PBXBuildFile; fileRef = C81A25B21923BE5200FAC5A0 /* InfoPlist.strings */; };
		C81A25B61923BE5200FAC5A0 /* main.m in Sources */ = {isa = PBXBuildFile; fileRef = C81A25B51923BE5200FAC5A0 /* main.m */; };
		C81A25BA1923BE5200FAC5A0 /* DPAAppDelegate.m in Sources */ = {isa = PBXBuildFile; fileRef = C81A25B91923BE5200FAC5A0 /* DPAAppDelegate.m */; };
		C81A25BC1923BE5200FAC5A0 /* Images.xcassets in Resources */ = {isa = PBXBuildFile; fileRef = C81A25BB1923BE5200FAC5A0 /* Images.xcassets */; };
		C81A25C31923BE5200FAC5A0 /* XCTest.framework in Frameworks */ = {isa = PBXBuildFile; fileRef = C81A25C21923BE5200FAC5A0 /* XCTest.framework */; };
		C81A25C41923BE5200FAC5A0 /* Foundation.framework in Frameworks */ = {isa = PBXBuildFile; fileRef = C81A25A91923BE5200FAC5A0 /* Foundation.framework */; };
		C81A25C51923BE5200FAC5A0 /* UIKit.framework in Frameworks */ = {isa = PBXBuildFile; fileRef = C81A25AD1923BE5200FAC5A0 /* UIKit.framework */; };
		C81A25CD1923BE5200FAC5A0 /* InfoPlist.strings in Resources */ = {isa = PBXBuildFile; fileRef = C81A25CB1923BE5200FAC5A0 /* InfoPlist.strings */; };
		C81A25CF1923BE5200FAC5A0 /* DigitalPondTests.m in Sources */ = {isa = PBXBuildFile; fileRef = C81A25CE1923BE5200FAC5A0 /* DigitalPondTests.m */; };
		C81A25DB1923C1D300FAC5A0 /* DPAPondViewController.m in Sources */ = {isa = PBXBuildFile; fileRef = C81A25D91923C1D300FAC5A0 /* DPAPondViewController.m */; };
		C81A25DC1923C1D300FAC5A0 /* DPAPondViewController.xib in Resources */ = {isa = PBXBuildFile; fileRef = C81A25DA1923C1D300FAC5A0 /* DPAPondViewController.xib */; };
		C81A25DE1923C3D400FAC5A0 /* DPALava.xib in Resources */ = {isa = PBXBuildFile; fileRef = C81A25DD1923C3D400FAC5A0 /* DPALava.xib */; };
		C81A25E11923C6ED00FAC5A0 /* DPARipple.m in Sources */ = {isa = PBXBuildFile; fileRef = C81A25E01923C6ED00FAC5A0 /* DPARipple.m */; };
/* End PBXBuildFile section */

/* Begin PBXContainerItemProxy section */
		C81A25C61923BE5200FAC5A0 /* PBXContainerItemProxy */ = {
			isa = PBXContainerItemProxy;
			containerPortal = C81A259E1923BE5100FAC5A0 /* Project object */;
			proxyType = 1;
			remoteGlobalIDString = C81A25A51923BE5200FAC5A0;
			remoteInfo = DigitalPond;
		};
/* End PBXContainerItemProxy section */

/* Begin PBXFileReference section */
		C81A25A61923BE5200FAC5A0 /* DigitalPond.app */ = {isa = PBXFileReference; explicitFileType = wrapper.application; includeInIndex = 0; path = DigitalPond.app; sourceTree = BUILT_PRODUCTS_DIR; };
		C81A25A91923BE5200FAC5A0 /* Foundation.framework */ = {isa = PBXFileReference; lastKnownFileType = wrapper.framework; name = Foundation.framework; path = System/Library/Frameworks/Foundation.framework; sourceTree = SDKROOT; };
		C81A25AB1923BE5200FAC5A0 /* CoreGraphics.framework */ = {isa = PBXFileReference; lastKnownFileType = wrapper.framework; name = CoreGraphics.framework; path = System/Library/Frameworks/CoreGraphics.framework; sourceTree = SDKROOT; };
		C81A25AD1923BE5200FAC5A0 /* UIKit.framework */ = {isa = PBXFileReference; lastKnownFileType = wrapper.framework; name = UIKit.framework; path = System/Library/Frameworks/UIKit.framework; sourceTree = SDKROOT; };
		C81A25B11923BE5200FAC5A0 /* DigitalPond-Info.plist */ = {isa = PBXFileReference; lastKnownFileType = text.plist.xml; path = "DigitalPond-Info.plist"; sourceTree = "<group>"; };
		C81A25B31923BE5200FAC5A0 /* en */ = {isa = PBXFileReference; lastKnownFileType = text.plist.strings; name = en; path = en.lproj/InfoPlist.strings; sourceTree = "<group>"; };
		C81A25B51923BE5200FAC5A0 /* main.m */ = {isa = PBXFileReference; lastKnownFileType = sourcecode.c.objc; path = main.m; sourceTree = "<group>"; };
		C81A25B71923BE5200FAC5A0 /* DigitalPond-Prefix.pch */ = {isa = PBXFileReference; lastKnownFileType = sourcecode.c.h; path = "DigitalPond-Prefix.pch"; sourceTree = "<group>"; };
		C81A25B81923BE5200FAC5A0 /* DPAAppDelegate.h */ = {isa = PBXFileReference; lastKnownFileType = sourcecode.c.h; path = DPAAppDelegate.h; sourceTree = "<group>"; };
		C81A25B91923BE5200FAC5A0 /* DPAAppDelegate.m */ = {isa = PBXFileReference; lastKnownFileType = sourcecode.c.objc; path = DPAAppDelegate.m; sourceTree = "<group>"; };
		C81A25BB1923BE5200FAC5A0 /* Images.xcassets */ = {isa = PBXFileReference; lastKnownFileType = folder.assetcatalog; path = Images.xcassets; sourceTree = "<group>"; };
		C81A25C11923BE5200FAC5A0 /* DigitalPondTests.xctest */ = {isa = PBXFileReference; explicitFileType = wrapper.cfbundle; includeInIndex = 0; path = DigitalPondTests.xctest; sourceTree = BUILT_PRODUCTS_DIR; };
		C81A25C21923BE5200FAC5A0 /* XCTest.framework */ = {isa = PBXFileReference; lastKnownFileType = wrapper.framework; name = XCTest.framework; path = Library/Frameworks/XCTest.framework; sourceTree = DEVELOPER_DIR; };
		C81A25CA1923BE5200FAC5A0 /* DigitalPondTests-Info.plist */ = {isa = PBXFileReference; lastKnownFileType = text.plist.xml; path = "DigitalPondTests-Info.plist"; sourceTree = "<group>"; };
		C81A25CC1923BE5200FAC5A0 /* en */ = {isa = PBXFileReference; lastKnownFileType = text.plist.strings; name = en; path = en.lproj/InfoPlist.strings; sourceTree = "<group>"; };
		C81A25CE1923BE5200FAC5A0 /* DigitalPondTests.m */ = {isa = PBXFileReference; lastKnownFileType = sourcecode.c.objc; path = DigitalPondTests.m; sourceTree = "<group>"; };
		C81A25D81923C1D300FAC5A0 /* DPAPondViewController.h */ = {isa = PBXFileReference; fileEncoding = 4; lastKnownFileType = sourcecode.c.h; path = DPAPondViewController.h; sourceTree = "<group>"; };
		C81A25D91923C1D300FAC5A0 /* DPAPondViewController.m */ = {isa = PBXFileReference; fileEncoding = 4; lastKnownFileType = sourcecode.c.objc; path = DPAPondViewController.m; sourceTree = "<group>"; };
		C81A25DA1923C1D300FAC5A0 /* DPAPondViewController.xib */ = {isa = PBXFileReference; fileEncoding = 4; lastKnownFileType = file.xib; path = DPAPondViewController.xib; sourceTree = "<group>"; };
		C81A25DD1923C3D400FAC5A0 /* DPALava.xib */ = {isa = PBXFileReference; fileEncoding = 4; lastKnownFileType = file.xib; path = DPALava.xib; sourceTree = "<group>"; };
		C81A25DF1923C6ED00FAC5A0 /* DPARipple.h */ = {isa = PBXFileReference; fileEncoding = 4; lastKnownFileType = sourcecode.c.h; path = DPARipple.h; sourceTree = "<group>"; };
		C81A25E01923C6ED00FAC5A0 /* DPARipple.m */ = {isa = PBXFileReference; fileEncoding = 4; lastKnownFileType = sourcecode.c.objc; path = DPARipple.m; sourceTree = "<group>"; };
/* End PBXFileReference section */

/* Begin PBXFrameworksBuildPhase section */
		C81A25A31923BE5200FAC5A0 /* Frameworks */ = {
			isa = PBXFrameworksBuildPhase;
			buildActionMask = 2147483647;
			files = (
				C81A25AC1923BE5200FAC5A0 /* CoreGraphics.framework in Frameworks */,
				C81A25AE1923BE5200FAC5A0 /* UIKit.framework in Frameworks */,
				C81A25AA1923BE5200FAC5A0 /* Foundation.framework in Frameworks */,
			);
			runOnlyForDeploymentPostprocessing = 0;
		};
		C81A25BE1923BE5200FAC5A0 /* Frameworks */ = {
			isa = PBXFrameworksBuildPhase;
			buildActionMask = 2147483647;
			files = (
				C81A25C31923BE5200FAC5A0 /* XCTest.framework in Frameworks */,
				C81A25C51923BE5200FAC5A0 /* UIKit.framework in Frameworks */,
				C81A25C41923BE5200FAC5A0 /* Foundation.framework in Frameworks */,
			);
			runOnlyForDeploymentPostprocessing = 0;
		};
/* End PBXFrameworksBuildPhase section */

/* Begin PBXGroup section */
		C81A259D1923BE5100FAC5A0 = {
			isa = PBXGroup;
			children = (
				C81A25DF1923C6ED00FAC5A0 /* DPARipple.h */,
				C81A25E01923C6ED00FAC5A0 /* DPARipple.m */,
				C81A25DD1923C3D400FAC5A0 /* DPALava.xib */,
				C81A25D81923C1D300FAC5A0 /* DPAPondViewController.h */,
				C81A25D91923C1D300FAC5A0 /* DPAPondViewController.m */,
				C81A25DA1923C1D300FAC5A0 /* DPAPondViewController.xib */,
				C81A25AF1923BE5200FAC5A0 /* DigitalPond */,
				C81A25C81923BE5200FAC5A0 /* DigitalPondTests */,
				C81A25A81923BE5200FAC5A0 /* Frameworks */,
				C81A25A71923BE5200FAC5A0 /* Products */,
			);
			sourceTree = "<group>";
		};
		C81A25A71923BE5200FAC5A0 /* Products */ = {
			isa = PBXGroup;
			children = (
				C81A25A61923BE5200FAC5A0 /* DigitalPond.app */,
				C81A25C11923BE5200FAC5A0 /* DigitalPondTests.xctest */,
			);
			name = Products;
			sourceTree = "<group>";
		};
		C81A25A81923BE5200FAC5A0 /* Frameworks */ = {
			isa = PBXGroup;
			children = (
				C81A25A91923BE5200FAC5A0 /* Foundation.framework */,
				C81A25AB1923BE5200FAC5A0 /* CoreGraphics.framework */,
				C81A25AD1923BE5200FAC5A0 /* UIKit.framework */,
				C81A25C21923BE5200FAC5A0 /* XCTest.framework */,
			);
			name = Frameworks;
			sourceTree = "<group>";
		};
		C81A25AF1923BE5200FAC5A0 /* DigitalPond */ = {
			isa = PBXGroup;
			children = (
				C81A25B81923BE5200FAC5A0 /* DPAAppDelegate.h */,
				C81A25B91923BE5200FAC5A0 /* DPAAppDelegate.m */,
				C81A25BB1923BE5200FAC5A0 /* Images.xcassets */,
				C81A25B01923BE5200FAC5A0 /* Supporting Files */,
			);
			path = DigitalPond;
			sourceTree = "<group>";
		};
		C81A25B01923BE5200FAC5A0 /* Supporting Files */ = {
			isa = PBXGroup;
			children = (
				C81A25B11923BE5200FAC5A0 /* DigitalPond-Info.plist */,
				C81A25B21923BE5200FAC5A0 /* InfoPlist.strings */,
				C81A25B51923BE5200FAC5A0 /* main.m */,
				C81A25B71923BE5200FAC5A0 /* DigitalPond-Prefix.pch */,
			);
			name = "Supporting Files";
			sourceTree = "<group>";
		};
		C81A25C81923BE5200FAC5A0 /* DigitalPondTests */ = {
			isa = PBXGroup;
			children = (
				C81A25CE1923BE5200FAC5A0 /* DigitalPondTests.m */,
				C81A25C91923BE5200FAC5A0 /* Supporting Files */,
			);
			path = DigitalPondTests;
			sourceTree = "<group>";
		};
		C81A25C91923BE5200FAC5A0 /* Supporting Files */ = {
			isa = PBXGroup;
			children = (
				C81A25CA1923BE5200FAC5A0 /* DigitalPondTests-Info.plist */,
				C81A25CB1923BE5200FAC5A0 /* InfoPlist.strings */,
			);
			name = "Supporting Files";
			sourceTree = "<group>";
		};
/* End PBXGroup section */

/* Begin PBXNativeTarget section */
		C81A25A51923BE5200FAC5A0 /* DigitalPond */ = {
			isa = PBXNativeTarget;
			buildConfigurationList = C81A25D21923BE5200FAC5A0 /* Build configuration list for PBXNativeTarget "DigitalPond" */;
			buildPhases = (
				C81A25A21923BE5200FAC5A0 /* Sources */,
				C81A25A31923BE5200FAC5A0 /* Frameworks */,
				C81A25A41923BE5200FAC5A0 /* Resources */,
			);
			buildRules = (
			);
			dependencies = (
			);
			name = DigitalPond;
			productName = DigitalPond;
			productReference = C81A25A61923BE5200FAC5A0 /* DigitalPond.app */;
			productType = "com.apple.product-type.application";
		};
		C81A25C01923BE5200FAC5A0 /* DigitalPondTests */ = {
			isa = PBXNativeTarget;
			buildConfigurationList = C81A25D51923BE5200FAC5A0 /* Build configuration list for PBXNativeTarget "DigitalPondTests" */;
			buildPhases = (
				C81A25BD1923BE5200FAC5A0 /* Sources */,
				C81A25BE1923BE5200FAC5A0 /* Frameworks */,
				C81A25BF1923BE5200FAC5A0 /* Resources */,
			);
			buildRules = (
			);
			dependencies = (
				C81A25C71923BE5200FAC5A0 /* PBXTargetDependency */,
			);
			name = DigitalPondTests;
			productName = DigitalPondTests;
			productReference = C81A25C11923BE5200FAC5A0 /* DigitalPondTests.xctest */;
			productType = "com.apple.product-type.bundle.unit-test";
		};
/* End PBXNativeTarget section */

/* Begin PBXProject section */
		C81A259E1923BE5100FAC5A0 /* Project object */ = {
			isa = PBXProject;
			attributes = {
				CLASSPREFIX = DPA;
				LastUpgradeCheck = 0510;
				ORGANIZATIONNAME = "Austen Johnson";
				TargetAttributes = {
					C81A25C01923BE5200FAC5A0 = {
						TestTargetID = C81A25A51923BE5200FAC5A0;
					};
				};
			};
			buildConfigurationList = C81A25A11923BE5100FAC5A0 /* Build configuration list for PBXProject "DigitalPond" */;
			compatibilityVersion = "Xcode 3.2";
			developmentRegion = English;
			hasScannedForEncodings = 0;
			knownRegions = (
				en,
			);
			mainGroup = C81A259D1923BE5100FAC5A0;
			productRefGroup = C81A25A71923BE5200FAC5A0 /* Products */;
			projectDirPath = "";
			projectRoot = "";
			targets = (
				C81A25A51923BE5200FAC5A0 /* DigitalPond */,
				C81A25C01923BE5200FAC5A0 /* DigitalPondTests */,
			);
		};
/* End PBXProject section */

/* Begin PBXResourcesBuildPhase section */
		C81A25A41923BE5200FAC5A0 /* Resources */ = {
			isa = PBXResourcesBuildPhase;
			buildActionMask = 2147483647;
			files = (
				C81A25B41923BE5200FAC5A0 /* InfoPlist.strings in Resources */,
				C81A25DE1923C3D400FAC5A0 /* DPALava.xib in Resources */,
				C81A25DC1923C1D300FAC5A0 /* DPAPondViewController.xib in Resources */,
				C81A25BC1923BE5200FAC5A0 /* Images.xcassets in Resources */,
			);
			runOnlyForDeploymentPostprocessing = 0;
		};
		C81A25BF1923BE5200FAC5A0 /* Resources */ = {
			isa = PBXResourcesBuildPhase;
			buildActionMask = 2147483647;
			files = (
				C81A25CD1923BE5200FAC5A0 /* InfoPlist.strings in Resources */,
			);
			runOnlyForDeploymentPostprocessing = 0;
		};
/* End PBXResourcesBuildPhase section */

/* Begin PBXSourcesBuildPhase section */
		C81A25A21923BE5200FAC5A0 /* Sources */ = {
			isa = PBXSourcesBuildPhase;
			buildActionMask = 2147483647;
			files = (
				C81A25BA1923BE5200FAC5A0 /* DPAAppDelegate.m in Sources */,
				C81A25B61923BE5200FAC5A0 /* main.m in Sources */,
				C81A25DB1923C1D300FAC5A0 /* DPAPondViewController.m in Sources */,
				C81A25E11923C6ED00FAC5A0 /* DPARipple.m in Sources */,
			);
			runOnlyForDeploymentPostprocessing = 0;
		};
		C81A25BD1923BE5200FAC5A0 /* Sources */ = {
			isa = PBXSourcesBuildPhase;
			buildActionMask = 2147483647;
			files = (
				C81A25CF1923BE5200FAC5A0 /* DigitalPondTests.m in Sources */,
			);
			runOnlyForDeploymentPostprocessing = 0;
		};
/* End PBXSourcesBuildPhase section */

/* Begin PBXTargetDependency section */
		C81A25C71923BE5200FAC5A0 /* PBXTargetDependency */ = {
			isa = PBXTargetDependency;
			target = C81A25A51923BE5200FAC5A0 /* DigitalPond */;
			targetProxy = C81A25C61923BE5200FAC5A0 /* PBXContainerItemProxy */;
		};
/* End PBXTargetDependency section */

/* Begin PBXVariantGroup section */
		C81A25B21923BE5200FAC5A0 /* InfoPlist.strings */ = {
			isa = PBXVariantGroup;
			children = (
				C81A25B31923BE5200FAC5A0 /* en */,
			);
			name = InfoPlist.strings;
			sourceTree = "<group>";
		};
		C81A25CB1923BE5200FAC5A0 /* InfoPlist.strings */ = {
			isa = PBXVariantGroup;
			children = (
				C81A25CC1923BE5200FAC5A0 /* en */,
			);
			name = InfoPlist.strings;
			sourceTree = "<group>";
		};
/* End PBXVariantGroup section */

/* Begin XCBuildConfiguration section */
		C81A25D01923BE5200FAC5A0 /* Debug */ = {
			isa = XCBuildConfiguration;
			buildSettings = {
				ALWAYS_SEARCH_USER_PATHS = NO;
				CLANG_CXX_LANGUAGE_STANDARD = "gnu++0x";
				CLANG_CXX_LIBRARY = "libc++";
				CLANG_ENABLE_MODULES = YES;
				CLANG_ENABLE_OBJC_ARC = YES;
				CLANG_WARN_BOOL_CONVERSION = YES;
				CLANG_WARN_CONSTANT_CONVERSION = YES;
				CLANG_WARN_DIRECT_OBJC_ISA_USAGE = YES_ERROR;
				CLANG_WARN_EMPTY_BODY = YES;
				CLANG_WARN_ENUM_CONVERSION = YES;
				CLANG_WARN_INT_CONVERSION = YES;
				CLANG_WARN_OBJC_ROOT_CLASS = YES_ERROR;
				CLANG_WARN__DUPLICATE_METHOD_MATCH = YES;
				"CODE_SIGN_IDENTITY[sdk=iphoneos*]" = "iPhone Developer";
				COPY_PHASE_STRIP = NO;
				GCC_C_LANGUAGE_STANDARD = gnu99;
				GCC_DYNAMIC_NO_PIC = NO;
				GCC_OPTIMIZATION_LEVEL = 0;
				GCC_PREPROCESSOR_DEFINITIONS = (
					"DEBUG=1",
					"$(inherited)",
				);
				GCC_SYMBOLS_PRIVATE_EXTERN = NO;
				GCC_WARN_64_TO_32_BIT_CONVERSION = YES;
				GCC_WARN_ABOUT_RETURN_TYPE = YES_ERROR;
				GCC_WARN_UNDECLARED_SELECTOR = YES;
				GCC_WARN_UNINITIALIZED_AUTOS = YES_AGGRESSIVE;
				GCC_WARN_UNUSED_FUNCTION = YES;
				GCC_WARN_UNUSED_VARIABLE = YES;
				IPHONEOS_DEPLOYMENT_TARGET = 7.1;
				ONLY_ACTIVE_ARCH = YES;
				SDKROOT = iphoneos;
				TARGETED_DEVICE_FAMILY = "1,2";
			};
			name = Debug;
		};
		C81A25D11923BE5200FAC5A0 /* Release */ = {
			isa = XCBuildConfiguration;
			buildSettings = {
				ALWAYS_SEARCH_USER_PATHS = NO;
				CLANG_CXX_LANGUAGE_STANDARD = "gnu++0x";
				CLANG_CXX_LIBRARY = "libc++";
				CLANG_ENABLE_MODULES = YES;
				CLANG_ENABLE_OBJC_ARC = YES;
				CLANG_WARN_BOOL_CONVERSION = YES;
				CLANG_WARN_CONSTANT_CONVERSION = YES;
				CLANG_WARN_DIRECT_OBJC_ISA_USAGE = YES_ERROR;
				CLANG_WARN_EMPTY_BODY = YES;
				CLANG_WARN_ENUM_CONVERSION = YES;
				CLANG_WARN_INT_CONVERSION = YES;
				CLANG_WARN_OBJC_ROOT_CLASS = YES_ERROR;
				CLANG_WARN__DUPLICATE_METHOD_MATCH = YES;
				"CODE_SIGN_IDENTITY[sdk=iphoneos*]" = "iPhone Developer";
				COPY_PHASE_STRIP = YES;
				ENABLE_NS_ASSERTIONS = NO;
				GCC_C_LANGUAGE_STANDARD = gnu99;
				GCC_WARN_64_TO_32_BIT_CONVERSION = YES;
				GCC_WARN_ABOUT_RETURN_TYPE = YES_ERROR;
				GCC_WARN_UNDECLARED_SELECTOR = YES;
				GCC_WARN_UNINITIALIZED_AUTOS = YES_AGGRESSIVE;
				GCC_WARN_UNUSED_FUNCTION = YES;
				GCC_WARN_UNUSED_VARIABLE = YES;
				IPHONEOS_DEPLOYMENT_TARGET = 7.1;
				SDKROOT = iphoneos;
				TARGETED_DEVICE_FAMILY = "1,2";
				VALIDATE_PRODUCT = YES;
			};
			name = Release;
		};
		C81A25D31923BE5200FAC5A0 /* Debug */ = {
			isa = XCBuildConfiguration;
			buildSettings = {
				ASSETCATALOG_COMPILER_APPICON_NAME = AppIcon;
				ASSETCATALOG_COMPILER_LAUNCHIMAGE_NAME = LaunchImage;
				GCC_PRECOMPILE_PREFIX_HEADER = YES;
				GCC_PREFIX_HEADER = "DigitalPond/DigitalPond-Prefix.pch";
				INFOPLIST_FILE = "DigitalPond/DigitalPond-Info.plist";
				PRODUCT_NAME = "$(TARGET_NAME)";
				WRAPPER_EXTENSION = app;
			};
			name = Debug;
		};
		C81A25D41923BE5200FAC5A0 /* Release */ = {
			isa = XCBuildConfiguration;
			buildSettings = {
				ASSETCATALOG_COMPILER_APPICON_NAME = AppIcon;
				ASSETCATALOG_COMPILER_LAUNCHIMAGE_NAME = LaunchImage;
				GCC_PRECOMPILE_PREFIX_HEADER = YES;
				GCC_PREFIX_HEADER = "DigitalPond/DigitalPond-Prefix.pch";
				INFOPLIST_FILE = "DigitalPond/DigitalPond-Info.plist";
				PRODUCT_NAME = "$(TARGET_NAME)";
				WRAPPER_EXTENSION = app;
			};
			name = Release;
		};
		C81A25D61923BE5200FAC5A0 /* Debug */ = {
			isa = XCBuildConfiguration;
			buildSettings = {
				BUNDLE_LOADER = "$(BUILT_PRODUCTS_DIR)/DigitalPond.app/DigitalPond";
				FRAMEWORK_SEARCH_PATHS = (
					"$(SDKROOT)/Developer/Library/Frameworks",
					"$(inherited)",
					"$(DEVELOPER_FRAMEWORKS_DIR)",
				);
				GCC_PRECOMPILE_PREFIX_HEADER = YES;
				GCC_PREFIX_HEADER = "DigitalPond/DigitalPond-Prefix.pch";
				GCC_PREPROCESSOR_DEFINITIONS = (
					"DEBUG=1",
					"$(inherited)",
				);
				INFOPLIST_FILE = "DigitalPondTests/DigitalPondTests-Info.plist";
				PRODUCT_NAME = "$(TARGET_NAME)";
				TEST_HOST = "$(BUNDLE_LOADER)";
				WRAPPER_EXTENSION = xctest;
			};
			name = Debug;
		};
		C81A25D71923BE5200FAC5A0 /* Release */ = {
			isa = XCBuildConfiguration;
			buildSettings = {
				BUNDLE_LOADER = "$(BUILT_PRODUCTS_DIR)/DigitalPond.app/DigitalPond";
				FRAMEWORK_SEARCH_PATHS = (
					"$(SDKROOT)/Developer/Library/Frameworks",
					"$(inherited)",
					"$(DEVELOPER_FRAMEWORKS_DIR)",
				);
				GCC_PRECOMPILE_PREFIX_HEADER = YES;
				GCC_PREFIX_HEADER = "DigitalPond/DigitalPond-Prefix.pch";
				INFOPLIST_FILE = "DigitalPondTests/DigitalPondTests-Info.plist";
				PRODUCT_NAME = "$(TARGET_NAME)";
				TEST_HOST = "$(BUNDLE_LOADER)";
				WRAPPER_EXTENSION = xctest;
			};
			name = Release;
		};
/* End XCBuildConfiguration section */

/* Begin XCConfigurationList section */
		C81A25A11923BE5100FAC5A0 /* Build configuration list for PBXProject "DigitalPond" */ = {
			isa = XCConfigurationList;
			buildConfigurations = (
				C81A25D01923BE5200FAC5A0 /* Debug */,
				C81A25D11923BE5200FAC5A0 /* Release */,
			);
			defaultConfigurationIsVisible = 0;
			defaultConfigurationName = Release;
		};
		C81A25D21923BE5200FAC5A0 /* Build configuration list for PBXNativeTarget "DigitalPond" */ = {
			isa = XCConfigurationList;
			buildConfigurations = (
				C81A25D31923BE5200FAC5A0 /* Debug */,
				C81A25D41923BE5200FAC5A0 /* Release */,
			);
			defaultConfigurationIsVisible = 0;
		};
		C81A25D51923BE5200FAC5A0 /* Build configuration list for PBXNativeTarget "DigitalPondTests" */ = {
			isa = XCConfigurationList;
			buildConfigurations = (
				C81A25D61923BE5200FAC5A0 /* Debug */,
				C81A25D71923BE5200FAC5A0 /* Release */,
			);
			defaultConfigurationIsVisible = 0;
		};
/* End XCConfigurationList section */
	};
	rootObject = C81A259E1923BE5100FAC5A0 /* Project object */;
}
