// !$*UTF8*$!
{
	archiveVersion = 1;
	classes = {
	};
	objectVersion = 46;
	objects = {

/* Begin PBXBuildFile section */
		C899935818EB34250033D5B6 /* Foundation.framework in Frameworks */ = {isa = PBXBuildFile; fileRef = C899935718EB34250033D5B6 /* Foundation.framework */; };
		C899935A18EB34250033D5B6 /* CoreGraphics.framework in Frameworks */ = {isa = PBXBuildFile; fileRef = C899935918EB34250033D5B6 /* CoreGraphics.framework */; };
		C899935C18EB34250033D5B6 /* UIKit.framework in Frameworks */ = {isa = PBXBuildFile; fileRef = C899935B18EB34250033D5B6 /* UIKit.framework */; };
		C899936218EB34250033D5B6 /* InfoPlist.strings in Resources */ = {isa = PBXBuildFile; fileRef = C899936018EB34250033D5B6 /* InfoPlist.strings */; };
		C899936418EB34250033D5B6 /* main.m in Sources */ = {isa = PBXBuildFile; fileRef = C899936318EB34250033D5B6 /* main.m */; };
		C899936818EB34250033D5B6 /* AJFAppDelegate.m in Sources */ = {isa = PBXBuildFile; fileRef = C899936718EB34250033D5B6 /* AJFAppDelegate.m */; };
		C899936A18EB34250033D5B6 /* Images.xcassets in Resources */ = {isa = PBXBuildFile; fileRef = C899936918EB34250033D5B6 /* Images.xcassets */; };
		C899937118EB34250033D5B6 /* XCTest.framework in Frameworks */ = {isa = PBXBuildFile; fileRef = C899937018EB34250033D5B6 /* XCTest.framework */; };
		C899937218EB34250033D5B6 /* Foundation.framework in Frameworks */ = {isa = PBXBuildFile; fileRef = C899935718EB34250033D5B6 /* Foundation.framework */; };
		C899937318EB34250033D5B6 /* UIKit.framework in Frameworks */ = {isa = PBXBuildFile; fileRef = C899935B18EB34250033D5B6 /* UIKit.framework */; };
		C899937B18EB34250033D5B6 /* InfoPlist.strings in Resources */ = {isa = PBXBuildFile; fileRef = C899937918EB34250033D5B6 /* InfoPlist.strings */; };
		C899937D18EB34250033D5B6 /* CarTests.m in Sources */ = {isa = PBXBuildFile; fileRef = C899937C18EB34250033D5B6 /* CarTests.m */; };
		C899938818EB35200033D5B6 /* CARRootViewController.m in Sources */ = {isa = PBXBuildFile; fileRef = C899938718EB35200033D5B6 /* CARRootViewController.m */; };
		C899938B18EB38370033D5B6 /* CARWheel.m in Sources */ = {isa = PBXBuildFile; fileRef = C899938A18EB38370033D5B6 /* CARWheel.m */; };
		C899938E18EB38510033D5B6 /* CARBumper.m in Sources */ = {isa = PBXBuildFile; fileRef = C899938D18EB38510033D5B6 /* CARBumper.m */; };
		C899939118EB38790033D5B6 /* CARWindow.m in Sources */ = {isa = PBXBuildFile; fileRef = C899939018EB38790033D5B6 /* CARWindow.m */; };
		C899939418EB3F9A0033D5B6 /* CARGasPedal.m in Sources */ = {isa = PBXBuildFile; fileRef = C899939318EB3F9A0033D5B6 /* CARGasPedal.m */; };
		C899939718EB3FC10033D5B6 /* CARBrake.m in Sources */ = {isa = PBXBuildFile; fileRef = C899939618EB3FC10033D5B6 /* CARBrake.m */; };
		C899939A18EB3FE10033D5B6 /* CARIgnition.m in Sources */ = {isa = PBXBuildFile; fileRef = C899939918EB3FE10033D5B6 /* CARIgnition.m */; };
/* End PBXBuildFile section */

/* Begin PBXContainerItemProxy section */
		C899937418EB34250033D5B6 /* PBXContainerItemProxy */ = {
			isa = PBXContainerItemProxy;
			containerPortal = C899934C18EB34250033D5B6 /* Project object */;
			proxyType = 1;
			remoteGlobalIDString = C899935318EB34250033D5B6;
			remoteInfo = Car;
		};
/* End PBXContainerItemProxy section */

/* Begin PBXFileReference section */
		C899935418EB34250033D5B6 /* Car.app */ = {isa = PBXFileReference; explicitFileType = wrapper.application; includeInIndex = 0; path = Car.app; sourceTree = BUILT_PRODUCTS_DIR; };
		C899935718EB34250033D5B6 /* Foundation.framework */ = {isa = PBXFileReference; lastKnownFileType = wrapper.framework; name = Foundation.framework; path = System/Library/Frameworks/Foundation.framework; sourceTree = SDKROOT; };
		C899935918EB34250033D5B6 /* CoreGraphics.framework */ = {isa = PBXFileReference; lastKnownFileType = wrapper.framework; name = CoreGraphics.framework; path = System/Library/Frameworks/CoreGraphics.framework; sourceTree = SDKROOT; };
		C899935B18EB34250033D5B6 /* UIKit.framework */ = {isa = PBXFileReference; lastKnownFileType = wrapper.framework; name = UIKit.framework; path = System/Library/Frameworks/UIKit.framework; sourceTree = SDKROOT; };
		C899935F18EB34250033D5B6 /* Car-Info.plist */ = {isa = PBXFileReference; lastKnownFileType = text.plist.xml; path = "Car-Info.plist"; sourceTree = "<group>"; };
		C899936118EB34250033D5B6 /* en */ = {isa = PBXFileReference; lastKnownFileType = text.plist.strings; name = en; path = en.lproj/InfoPlist.strings; sourceTree = "<group>"; };
		C899936318EB34250033D5B6 /* main.m */ = {isa = PBXFileReference; lastKnownFileType = sourcecode.c.objc; path = main.m; sourceTree = "<group>"; };
		C899936518EB34250033D5B6 /* Car-Prefix.pch */ = {isa = PBXFileReference; lastKnownFileType = sourcecode.c.h; path = "Car-Prefix.pch"; sourceTree = "<group>"; };
		C899936618EB34250033D5B6 /* AJFAppDelegate.h */ = {isa = PBXFileReference; lastKnownFileType = sourcecode.c.h; path = AJFAppDelegate.h; sourceTree = "<group>"; };
		C899936718EB34250033D5B6 /* AJFAppDelegate.m */ = {isa = PBXFileReference; lastKnownFileType = sourcecode.c.objc; path = AJFAppDelegate.m; sourceTree = "<group>"; };
		C899936918EB34250033D5B6 /* Images.xcassets */ = {isa = PBXFileReference; lastKnownFileType = folder.assetcatalog; path = Images.xcassets; sourceTree = "<group>"; };
		C899936F18EB34250033D5B6 /* CarTests.xctest */ = {isa = PBXFileReference; explicitFileType = wrapper.cfbundle; includeInIndex = 0; path = CarTests.xctest; sourceTree = BUILT_PRODUCTS_DIR; };
		C899937018EB34250033D5B6 /* XCTest.framework */ = {isa = PBXFileReference; lastKnownFileType = wrapper.framework; name = XCTest.framework; path = Library/Frameworks/XCTest.framework; sourceTree = DEVELOPER_DIR; };
		C899937818EB34250033D5B6 /* CarTests-Info.plist */ = {isa = PBXFileReference; lastKnownFileType = text.plist.xml; path = "CarTests-Info.plist"; sourceTree = "<group>"; };
		C899937A18EB34250033D5B6 /* en */ = {isa = PBXFileReference; lastKnownFileType = text.plist.strings; name = en; path = en.lproj/InfoPlist.strings; sourceTree = "<group>"; };
		C899937C18EB34250033D5B6 /* CarTests.m */ = {isa = PBXFileReference; lastKnownFileType = sourcecode.c.objc; path = CarTests.m; sourceTree = "<group>"; };
		C899938618EB35200033D5B6 /* CARRootViewController.h */ = {isa = PBXFileReference; fileEncoding = 4; lastKnownFileType = sourcecode.c.h; name = CARRootViewController.h; path = ../CARRootViewController.h; sourceTree = "<group>"; };
		C899938718EB35200033D5B6 /* CARRootViewController.m */ = {isa = PBXFileReference; fileEncoding = 4; lastKnownFileType = sourcecode.c.objc; name = CARRootViewController.m; path = ../CARRootViewController.m; sourceTree = "<group>"; };
		C899938918EB38370033D5B6 /* CARWheel.h */ = {isa = PBXFileReference; fileEncoding = 4; lastKnownFileType = sourcecode.c.h; path = CARWheel.h; sourceTree = "<group>"; };
		C899938A18EB38370033D5B6 /* CARWheel.m */ = {isa = PBXFileReference; fileEncoding = 4; lastKnownFileType = sourcecode.c.objc; path = CARWheel.m; sourceTree = "<group>"; };
		C899938C18EB38510033D5B6 /* CARBumper.h */ = {isa = PBXFileReference; fileEncoding = 4; lastKnownFileType = sourcecode.c.h; path = CARBumper.h; sourceTree = "<group>"; };
		C899938D18EB38510033D5B6 /* CARBumper.m */ = {isa = PBXFileReference; fileEncoding = 4; lastKnownFileType = sourcecode.c.objc; path = CARBumper.m; sourceTree = "<group>"; };
		C899938F18EB38790033D5B6 /* CARWindow.h */ = {isa = PBXFileReference; fileEncoding = 4; lastKnownFileType = sourcecode.c.h; path = CARWindow.h; sourceTree = "<group>"; };
		C899939018EB38790033D5B6 /* CARWindow.m */ = {isa = PBXFileReference; fileEncoding = 4; lastKnownFileType = sourcecode.c.objc; path = CARWindow.m; sourceTree = "<group>"; };
		C899939218EB3F9A0033D5B6 /* CARGasPedal.h */ = {isa = PBXFileReference; fileEncoding = 4; lastKnownFileType = sourcecode.c.h; path = CARGasPedal.h; sourceTree = "<group>"; };
		C899939318EB3F9A0033D5B6 /* CARGasPedal.m */ = {isa = PBXFileReference; fileEncoding = 4; lastKnownFileType = sourcecode.c.objc; path = CARGasPedal.m; sourceTree = "<group>"; };
		C899939518EB3FC10033D5B6 /* CARBrake.h */ = {isa = PBXFileReference; fileEncoding = 4; lastKnownFileType = sourcecode.c.h; path = CARBrake.h; sourceTree = "<group>"; };
		C899939618EB3FC10033D5B6 /* CARBrake.m */ = {isa = PBXFileReference; fileEncoding = 4; lastKnownFileType = sourcecode.c.objc; path = CARBrake.m; sourceTree = "<group>"; };
		C899939818EB3FE10033D5B6 /* CARIgnition.h */ = {isa = PBXFileReference; fileEncoding = 4; lastKnownFileType = sourcecode.c.h; path = CARIgnition.h; sourceTree = "<group>"; };
		C899939918EB3FE10033D5B6 /* CARIgnition.m */ = {isa = PBXFileReference; fileEncoding = 4; lastKnownFileType = sourcecode.c.objc; path = CARIgnition.m; sourceTree = "<group>"; };
/* End PBXFileReference section */

/* Begin PBXFrameworksBuildPhase section */
		C899935118EB34250033D5B6 /* Frameworks */ = {
			isa = PBXFrameworksBuildPhase;
			buildActionMask = 2147483647;
			files = (
				C899935A18EB34250033D5B6 /* CoreGraphics.framework in Frameworks */,
				C899935C18EB34250033D5B6 /* UIKit.framework in Frameworks */,
				C899935818EB34250033D5B6 /* Foundation.framework in Frameworks */,
			);
			runOnlyForDeploymentPostprocessing = 0;
		};
		C899936C18EB34250033D5B6 /* Frameworks */ = {
			isa = PBXFrameworksBuildPhase;
			buildActionMask = 2147483647;
			files = (
				C899937118EB34250033D5B6 /* XCTest.framework in Frameworks */,
				C899937318EB34250033D5B6 /* UIKit.framework in Frameworks */,
				C899937218EB34250033D5B6 /* Foundation.framework in Frameworks */,
			);
			runOnlyForDeploymentPostprocessing = 0;
		};
/* End PBXFrameworksBuildPhase section */

/* Begin PBXGroup section */
		C899934B18EB34250033D5B6 = {
			isa = PBXGroup;
			children = (
				C899935D18EB34250033D5B6 /* Car */,
				C899937618EB34250033D5B6 /* CarTests */,
				C899935618EB34250033D5B6 /* Frameworks */,
				C899935518EB34250033D5B6 /* Products */,
			);
			sourceTree = "<group>";
		};
		C899935518EB34250033D5B6 /* Products */ = {
			isa = PBXGroup;
			children = (
				C899935418EB34250033D5B6 /* Car.app */,
				C899936F18EB34250033D5B6 /* CarTests.xctest */,
			);
			name = Products;
			sourceTree = "<group>";
		};
		C899935618EB34250033D5B6 /* Frameworks */ = {
			isa = PBXGroup;
			children = (
				C899935718EB34250033D5B6 /* Foundation.framework */,
				C899935918EB34250033D5B6 /* CoreGraphics.framework */,
				C899935B18EB34250033D5B6 /* UIKit.framework */,
				C899937018EB34250033D5B6 /* XCTest.framework */,
			);
			name = Frameworks;
			sourceTree = "<group>";
		};
		C899935D18EB34250033D5B6 /* Car */ = {
			isa = PBXGroup;
			children = (
				C899938618EB35200033D5B6 /* CARRootViewController.h */,
				C899938718EB35200033D5B6 /* CARRootViewController.m */,
				C899938F18EB38790033D5B6 /* CARWindow.h */,
				C899939018EB38790033D5B6 /* CARWindow.m */,
				C899938C18EB38510033D5B6 /* CARBumper.h */,
				C899938D18EB38510033D5B6 /* CARBumper.m */,
				C899938918EB38370033D5B6 /* CARWheel.h */,
				C899938A18EB38370033D5B6 /* CARWheel.m */,
				C899936618EB34250033D5B6 /* AJFAppDelegate.h */,
				C899936718EB34250033D5B6 /* AJFAppDelegate.m */,
				C899939218EB3F9A0033D5B6 /* CARGasPedal.h */,
				C899939318EB3F9A0033D5B6 /* CARGasPedal.m */,
				C899939518EB3FC10033D5B6 /* CARBrake.h */,
				C899939618EB3FC10033D5B6 /* CARBrake.m */,
				C899939818EB3FE10033D5B6 /* CARIgnition.h */,
				C899939918EB3FE10033D5B6 /* CARIgnition.m */,
				C899936918EB34250033D5B6 /* Images.xcassets */,
				C899935E18EB34250033D5B6 /* Supporting Files */,
			);
			path = Car;
			sourceTree = "<group>";
		};
		C899935E18EB34250033D5B6 /* Supporting Files */ = {
			isa = PBXGroup;
			children = (
				C899935F18EB34250033D5B6 /* Car-Info.plist */,
				C899936018EB34250033D5B6 /* InfoPlist.strings */,
				C899936318EB34250033D5B6 /* main.m */,
				C899936518EB34250033D5B6 /* Car-Prefix.pch */,
			);
			name = "Supporting Files";
			sourceTree = "<group>";
		};
		C899937618EB34250033D5B6 /* CarTests */ = {
			isa = PBXGroup;
			children = (
				C899937C18EB34250033D5B6 /* CarTests.m */,
				C899937718EB34250033D5B6 /* Supporting Files */,
			);
			path = CarTests;
			sourceTree = "<group>";
		};
		C899937718EB34250033D5B6 /* Supporting Files */ = {
			isa = PBXGroup;
			children = (
				C899937818EB34250033D5B6 /* CarTests-Info.plist */,
				C899937918EB34250033D5B6 /* InfoPlist.strings */,
			);
			name = "Supporting Files";
			sourceTree = "<group>";
		};
/* End PBXGroup section */

/* Begin PBXNativeTarget section */
		C899935318EB34250033D5B6 /* Car */ = {
			isa = PBXNativeTarget;
			buildConfigurationList = C899938018EB34250033D5B6 /* Build configuration list for PBXNativeTarget "Car" */;
			buildPhases = (
				C899935018EB34250033D5B6 /* Sources */,
				C899935118EB34250033D5B6 /* Frameworks */,
				C899935218EB34250033D5B6 /* Resources */,
			);
			buildRules = (
			);
			dependencies = (
			);
			name = Car;
			productName = Car;
			productReference = C899935418EB34250033D5B6 /* Car.app */;
			productType = "com.apple.product-type.application";
		};
		C899936E18EB34250033D5B6 /* CarTests */ = {
			isa = PBXNativeTarget;
			buildConfigurationList = C899938318EB34250033D5B6 /* Build configuration list for PBXNativeTarget "CarTests" */;
			buildPhases = (
				C899936B18EB34250033D5B6 /* Sources */,
				C899936C18EB34250033D5B6 /* Frameworks */,
				C899936D18EB34250033D5B6 /* Resources */,
			);
			buildRules = (
			);
			dependencies = (
				C899937518EB34250033D5B6 /* PBXTargetDependency */,
			);
			name = CarTests;
			productName = CarTests;
			productReference = C899936F18EB34250033D5B6 /* CarTests.xctest */;
			productType = "com.apple.product-type.bundle.unit-test";
		};
/* End PBXNativeTarget section */

/* Begin PBXProject section */
		C899934C18EB34250033D5B6 /* Project object */ = {
			isa = PBXProject;
			attributes = {
				CLASSPREFIX = AJF;
				LastUpgradeCheck = 0510;
				ORGANIZATIONNAME = "Austen Johnson";
				TargetAttributes = {
					C899936E18EB34250033D5B6 = {
						TestTargetID = C899935318EB34250033D5B6;
					};
				};
			};
			buildConfigurationList = C899934F18EB34250033D5B6 /* Build configuration list for PBXProject "Car" */;
			compatibilityVersion = "Xcode 3.2";
			developmentRegion = English;
			hasScannedForEncodings = 0;
			knownRegions = (
				en,
			);
			mainGroup = C899934B18EB34250033D5B6;
			productRefGroup = C899935518EB34250033D5B6 /* Products */;
			projectDirPath = "";
			projectRoot = "";
			targets = (
				C899935318EB34250033D5B6 /* Car */,
				C899936E18EB34250033D5B6 /* CarTests */,
			);
		};
/* End PBXProject section */

/* Begin PBXResourcesBuildPhase section */
		C899935218EB34250033D5B6 /* Resources */ = {
			isa = PBXResourcesBuildPhase;
			buildActionMask = 2147483647;
			files = (
				C899936218EB34250033D5B6 /* InfoPlist.strings in Resources */,
				C899936A18EB34250033D5B6 /* Images.xcassets in Resources */,
			);
			runOnlyForDeploymentPostprocessing = 0;
		};
		C899936D18EB34250033D5B6 /* Resources */ = {
			isa = PBXResourcesBuildPhase;
			buildActionMask = 2147483647;
			files = (
				C899937B18EB34250033D5B6 /* InfoPlist.strings in Resources */,
			);
			runOnlyForDeploymentPostprocessing = 0;
		};
/* End PBXResourcesBuildPhase section */

/* Begin PBXSourcesBuildPhase section */
		C899935018EB34250033D5B6 /* Sources */ = {
			isa = PBXSourcesBuildPhase;
			buildActionMask = 2147483647;
			files = (
				C899939718EB3FC10033D5B6 /* CARBrake.m in Sources */,
				C899939118EB38790033D5B6 /* CARWindow.m in Sources */,
				C899938B18EB38370033D5B6 /* CARWheel.m in Sources */,
				C899938818EB35200033D5B6 /* CARRootViewController.m in Sources */,
				C899938E18EB38510033D5B6 /* CARBumper.m in Sources */,
				C899936818EB34250033D5B6 /* AJFAppDelegate.m in Sources */,
				C899936418EB34250033D5B6 /* main.m in Sources */,
				C899939A18EB3FE10033D5B6 /* CARIgnition.m in Sources */,
				C899939418EB3F9A0033D5B6 /* CARGasPedal.m in Sources */,
			);
			runOnlyForDeploymentPostprocessing = 0;
		};
		C899936B18EB34250033D5B6 /* Sources */ = {
			isa = PBXSourcesBuildPhase;
			buildActionMask = 2147483647;
			files = (
				C899937D18EB34250033D5B6 /* CarTests.m in Sources */,
			);
			runOnlyForDeploymentPostprocessing = 0;
		};
/* End PBXSourcesBuildPhase section */

/* Begin PBXTargetDependency section */
		C899937518EB34250033D5B6 /* PBXTargetDependency */ = {
			isa = PBXTargetDependency;
			target = C899935318EB34250033D5B6 /* Car */;
			targetProxy = C899937418EB34250033D5B6 /* PBXContainerItemProxy */;
		};
/* End PBXTargetDependency section */

/* Begin PBXVariantGroup section */
		C899936018EB34250033D5B6 /* InfoPlist.strings */ = {
			isa = PBXVariantGroup;
			children = (
				C899936118EB34250033D5B6 /* en */,
			);
			name = InfoPlist.strings;
			sourceTree = "<group>";
		};
		C899937918EB34250033D5B6 /* InfoPlist.strings */ = {
			isa = PBXVariantGroup;
			children = (
				C899937A18EB34250033D5B6 /* en */,
			);
			name = InfoPlist.strings;
			sourceTree = "<group>";
		};
/* End PBXVariantGroup section */

/* Begin XCBuildConfiguration section */
		C899937E18EB34250033D5B6 /* Debug */ = {
			isa = XCBuildConfiguration;
			buildSettings = {
				ALWAYS_SEARCH_USER_PATHS = NO;
				CLANG_CXX_LANGUAGE_STANDARD = "gnu++0x";
				CLANG_CXX_LIBRARY = "libc++";
				CLANG_ENABLE_MODULES = YES;
				CLANG_ENABLE_OBJC_ARC = YES;
				CLANG_WARN_BOOL_CONVERSION = YES;
				CLANG_WARN_CONSTANT_CONVERSION = YES;
				CLANG_WARN_DIRECT_OBJC_ISA_USAGE = YES_ERROR;
				CLANG_WARN_EMPTY_BODY = YES;
				CLANG_WARN_ENUM_CONVERSION = YES;
				CLANG_WARN_INT_CONVERSION = YES;
				CLANG_WARN_OBJC_ROOT_CLASS = YES_ERROR;
				CLANG_WARN__DUPLICATE_METHOD_MATCH = YES;
				"CODE_SIGN_IDENTITY[sdk=iphoneos*]" = "iPhone Developer";
				COPY_PHASE_STRIP = NO;
				GCC_C_LANGUAGE_STANDARD = gnu99;
				GCC_DYNAMIC_NO_PIC = NO;
				GCC_OPTIMIZATION_LEVEL = 0;
				GCC_PREPROCESSOR_DEFINITIONS = (
					"DEBUG=1",
					"$(inherited)",
				);
				GCC_SYMBOLS_PRIVATE_EXTERN = NO;
				GCC_WARN_64_TO_32_BIT_CONVERSION = YES;
				GCC_WARN_ABOUT_RETURN_TYPE = YES_ERROR;
				GCC_WARN_UNDECLARED_SELECTOR = YES;
				GCC_WARN_UNINITIALIZED_AUTOS = YES_AGGRESSIVE;
				GCC_WARN_UNUSED_FUNCTION = YES;
				GCC_WARN_UNUSED_VARIABLE = YES;
				IPHONEOS_DEPLOYMENT_TARGET = 7.1;
				ONLY_ACTIVE_ARCH = YES;
				SDKROOT = iphoneos;
			};
			name = Debug;
		};
		C899937F18EB34250033D5B6 /* Release */ = {
			isa = XCBuildConfiguration;
			buildSettings = {
				ALWAYS_SEARCH_USER_PATHS = NO;
				CLANG_CXX_LANGUAGE_STANDARD = "gnu++0x";
				CLANG_CXX_LIBRARY = "libc++";
				CLANG_ENABLE_MODULES = YES;
				CLANG_ENABLE_OBJC_ARC = YES;
				CLANG_WARN_BOOL_CONVERSION = YES;
				CLANG_WARN_CONSTANT_CONVERSION = YES;
				CLANG_WARN_DIRECT_OBJC_ISA_USAGE = YES_ERROR;
				CLANG_WARN_EMPTY_BODY = YES;
				CLANG_WARN_ENUM_CONVERSION = YES;
				CLANG_WARN_INT_CONVERSION = YES;
				CLANG_WARN_OBJC_ROOT_CLASS = YES_ERROR;
				CLANG_WARN__DUPLICATE_METHOD_MATCH = YES;
				"CODE_SIGN_IDENTITY[sdk=iphoneos*]" = "iPhone Developer";
				COPY_PHASE_STRIP = YES;
				ENABLE_NS_ASSERTIONS = NO;
				GCC_C_LANGUAGE_STANDARD = gnu99;
				GCC_WARN_64_TO_32_BIT_CONVERSION = YES;
				GCC_WARN_ABOUT_RETURN_TYPE = YES_ERROR;
				GCC_WARN_UNDECLARED_SELECTOR = YES;
				GCC_WARN_UNINITIALIZED_AUTOS = YES_AGGRESSIVE;
				GCC_WARN_UNUSED_FUNCTION = YES;
				GCC_WARN_UNUSED_VARIABLE = YES;
				IPHONEOS_DEPLOYMENT_TARGET = 7.1;
				SDKROOT = iphoneos;
				VALIDATE_PRODUCT = YES;
			};
			name = Release;
		};
		C899938118EB34250033D5B6 /* Debug */ = {
			isa = XCBuildConfiguration;
			buildSettings = {
				ASSETCATALOG_COMPILER_APPICON_NAME = AppIcon;
				ASSETCATALOG_COMPILER_LAUNCHIMAGE_NAME = LaunchImage;
				GCC_PRECOMPILE_PREFIX_HEADER = YES;
				GCC_PREFIX_HEADER = "Car/Car-Prefix.pch";
				INFOPLIST_FILE = "Car/Car-Info.plist";
				IPHONEOS_DEPLOYMENT_TARGET = 7.0;
				PRODUCT_NAME = "$(TARGET_NAME)";
				WRAPPER_EXTENSION = app;
			};
			name = Debug;
		};
		C899938218EB34250033D5B6 /* Release */ = {
			isa = XCBuildConfiguration;
			buildSettings = {
				ASSETCATALOG_COMPILER_APPICON_NAME = AppIcon;
				ASSETCATALOG_COMPILER_LAUNCHIMAGE_NAME = LaunchImage;
				GCC_PRECOMPILE_PREFIX_HEADER = YES;
				GCC_PREFIX_HEADER = "Car/Car-Prefix.pch";
				INFOPLIST_FILE = "Car/Car-Info.plist";
				IPHONEOS_DEPLOYMENT_TARGET = 7.0;
				PRODUCT_NAME = "$(TARGET_NAME)";
				WRAPPER_EXTENSION = app;
			};
			name = Release;
		};
		C899938418EB34250033D5B6 /* Debug */ = {
			isa = XCBuildConfiguration;
			buildSettings = {
				BUNDLE_LOADER = "$(BUILT_PRODUCTS_DIR)/Car.app/Car";
				FRAMEWORK_SEARCH_PATHS = (
					"$(SDKROOT)/Developer/Library/Frameworks",
					"$(inherited)",
					"$(DEVELOPER_FRAMEWORKS_DIR)",
				);
				GCC_PRECOMPILE_PREFIX_HEADER = YES;
				GCC_PREFIX_HEADER = "Car/Car-Prefix.pch";
				GCC_PREPROCESSOR_DEFINITIONS = (
					"DEBUG=1",
					"$(inherited)",
				);
				INFOPLIST_FILE = "CarTests/CarTests-Info.plist";
				PRODUCT_NAME = "$(TARGET_NAME)";
				TEST_HOST = "$(BUNDLE_LOADER)";
				WRAPPER_EXTENSION = xctest;
			};
			name = Debug;
		};
		C899938518EB34250033D5B6 /* Release */ = {
			isa = XCBuildConfiguration;
			buildSettings = {
				BUNDLE_LOADER = "$(BUILT_PRODUCTS_DIR)/Car.app/Car";
				FRAMEWORK_SEARCH_PATHS = (
					"$(SDKROOT)/Developer/Library/Frameworks",
					"$(inherited)",
					"$(DEVELOPER_FRAMEWORKS_DIR)",
				);
				GCC_PRECOMPILE_PREFIX_HEADER = YES;
				GCC_PREFIX_HEADER = "Car/Car-Prefix.pch";
				INFOPLIST_FILE = "CarTests/CarTests-Info.plist";
				PRODUCT_NAME = "$(TARGET_NAME)";
				TEST_HOST = "$(BUNDLE_LOADER)";
				WRAPPER_EXTENSION = xctest;
			};
			name = Release;
		};
/* End XCBuildConfiguration section */

/* Begin XCConfigurationList section */
		C899934F18EB34250033D5B6 /* Build configuration list for PBXProject "Car" */ = {
			isa = XCConfigurationList;
			buildConfigurations = (
				C899937E18EB34250033D5B6 /* Debug */,
				C899937F18EB34250033D5B6 /* Release */,
			);
			defaultConfigurationIsVisible = 0;
			defaultConfigurationName = Release;
		};
		C899938018EB34250033D5B6 /* Build configuration list for PBXNativeTarget "Car" */ = {
			isa = XCConfigurationList;
			buildConfigurations = (
				C899938118EB34250033D5B6 /* Debug */,
				C899938218EB34250033D5B6 /* Release */,
			);
			defaultConfigurationIsVisible = 0;
			defaultConfigurationName = Release;
		};
		C899938318EB34250033D5B6 /* Build configuration list for PBXNativeTarget "CarTests" */ = {
			isa = XCConfigurationList;
			buildConfigurations = (
				C899938418EB34250033D5B6 /* Debug */,
				C899938518EB34250033D5B6 /* Release */,
			);
			defaultConfigurationIsVisible = 0;
			defaultConfigurationName = Release;
		};
/* End XCConfigurationList section */
	};
	rootObject = C899934C18EB34250033D5B6 /* Project object */;
}
